PODS:
  - FeedMedia (2.4.2)
  - FeedMediaUI (0.1.0):
    - FeedMedia (~> 2.4.1)

DEPENDENCIES:
  - FeedMediaUI (from `../`)

EXTERNAL SOURCES:
  FeedMediaUI:
    :path: ../

SPEC CHECKSUMS:
  FeedMedia: 027a0d3010cc882fc93a95cdee5fe326193c0b5c
  FeedMediaUI: 187ae505285d65e86c6cb305f43b5f5de984010f

COCOAPODS: 0.39.0
