PODS:
  - FeedMedia (2.4.15)
  - FeedMediaUI (0.1.10):
    - FeedMedia (~> 2.4.13)
    - MarqueeLabel (~> 2.5)
  - MarqueeLabel (2.7.10):
    - MarqueeLabel/ObjC (= 2.7.10)
  - MarqueeLabel/ObjC (2.7.10)

DEPENDENCIES:
  - FeedMediaUI (from `../`)

EXTERNAL SOURCES:
  FeedMediaUI:
    :path: ../

SPEC CHECKSUMS:
  FeedMedia: dc14e90a7eef95d812d64f546bac73dd3ed6246f
  FeedMediaUI: e3c12095c8f53467916732bef2b8bdb25b984893
  MarqueeLabel: 5d722a0bef353178feb301130621b9b8e8b3fcb5

PODFILE CHECKSUM: ce3ee3d8656efbd912d55ffd049ea67f3c041bd2

COCOAPODS: 1.0.1
