PODS:
  - FeedMedia (2.4.9)
  - FeedMediaUI (0.1.7):
    - FeedMedia (~> 2.4.9)
    - MarqueeLabel (~> 2.5)
  - MarqueeLabel (2.7.6):
    - MarqueeLabel/ObjC (= 2.7.6)
  - MarqueeLabel/ObjC (2.7.6)

DEPENDENCIES:
  - FeedMediaUI (from `../`)

EXTERNAL SOURCES:
  FeedMediaUI:
    :path: ../

SPEC CHECKSUMS:
  FeedMedia: df1ed11d52b1935d419483384c336ccd1dfbc16c
  FeedMediaUI: fc57a2bf01a5c43f2f2d8281bc346197033a326e
  MarqueeLabel: 0b5c6eaf6aa5474390c26ad3304da9afcff6da83

PODFILE CHECKSUM: ce3ee3d8656efbd912d55ffd049ea67f3c041bd2

COCOAPODS: 1.0.1
