// !$*UTF8*$!
{
	archiveVersion = 1;
	classes = {
	};
	objectVersion = 46;
	objects = {

/* Begin PBXAggregateTarget section */
		97E1C7E41AAE7704005AF723 /* Distribution */ = {
			isa = PBXAggregateTarget;
			buildConfigurationList = 97E1C7E51AAE7704005AF723 /* Build configuration list for PBXAggregateTarget "Distribution" */;
			buildPhases = (
				97E1C7EC1AAE789C005AF723 /* Create distribution .zip */,
			);
			dependencies = (
				97E1C7EB1AAE7715005AF723 /* PBXTargetDependency */,
				97E1C7E91AAE770F005AF723 /* PBXTargetDependency */,
			);
			name = Distribution;
			productName = Distribution;
		};
/* End PBXAggregateTarget section */

/* Begin PBXBuildFile section */
		9712721A1AEF0F0600E4723A /* FMSkipWarningView.m in Sources */ = {isa = PBXBuildFile; fileRef = 971272191AEF0F0600E4723A /* FMSkipWarningView.m */; };
		9712721E1AEF1DC900E4723A /* FMMetadataLabel.m in Sources */ = {isa = PBXBuildFile; fileRef = 9712721D1AEF1DC900E4723A /* FMMetadataLabel.m */; };
		971E8E081B05AECB008E4FB2 /* FMStationButton.m in Sources */ = {isa = PBXBuildFile; fileRef = 971E8E071B05AECB008E4FB2 /* FMStationButton.m */; };
		972839081AF2D6FE005C90FC /* share.png in Resources */ = {isa = PBXBuildFile; fileRef = 972839071AF2D6FE005C90FC /* share.png */; };
		9728390B1AF2D80B005C90FC /* FMShareButton.m in Sources */ = {isa = PBXBuildFile; fileRef = 9728390A1AF2D80B005C90FC /* FMShareButton.m */; };
		9728390F1AF2E855005C90FC /* feedfm-logo.png in Resources */ = {isa = PBXBuildFile; fileRef = 9728390E1AF2E855005C90FC /* feedfm-logo.png */; };
		972839111AF2E889005C90FC /* feedfm-circle.png in Resources */ = {isa = PBXBuildFile; fileRef = 972839101AF2E889005C90FC /* feedfm-circle.png */; };
		974713601B323B6100C9058A /* Player.storyboard in Resources */ = {isa = PBXBuildFile; fileRef = 974713571B323B6100C9058A /* Player.storyboard */; };
		974713621B323B6100C9058A /* DisclaimerViewController.m in Sources */ = {isa = PBXBuildFile; fileRef = 9747135B1B323B6100C9058A /* DisclaimerViewController.m */; };
		974713631B323B6100C9058A /* MarqueeLabel.m in Sources */ = {isa = PBXBuildFile; fileRef = 9747135D1B323B6100C9058A /* MarqueeLabel.m */; };
		974713641B323B6100C9058A /* PlayerViewController.m in Sources */ = {isa = PBXBuildFile; fileRef = 9747135F1B323B6100C9058A /* PlayerViewController.m */; };
		974713671B33402500C9058A /* StationBackgroundState.m in Sources */ = {isa = PBXBuildFile; fileRef = 974713661B33402500C9058A /* StationBackgroundState.m */; };
		976B98AF1AAFF9E3003FA42F /* FMProgressView.m in Sources */ = {isa = PBXBuildFile; fileRef = 976B98AE1AAFF9E3003FA42F /* FMProgressView.m */; };
		976B98B21AB00280003FA42F /* FMElapsedTimeLabel.m in Sources */ = {isa = PBXBuildFile; fileRef = 976B98B11AB00280003FA42F /* FMElapsedTimeLabel.m */; };
		976B98B51AB0088C003FA42F /* FMTotalTimeLabel.m in Sources */ = {isa = PBXBuildFile; fileRef = 976B98B41AB0088C003FA42F /* FMTotalTimeLabel.m */; };
		976B993E1AB10C6B003FA42F /* FMActivityIndicator.m in Sources */ = {isa = PBXBuildFile; fileRef = 976B993D1AB10C6B003FA42F /* FMActivityIndicator.m */; };
		978F14F91B29467C002DD201 /* FMRemainingTimeLabel.m in Sources */ = {isa = PBXBuildFile; fileRef = 978F14F81B29467C002DD201 /* FMRemainingTimeLabel.m */; };
		97E1C75B1AAE65F7005AF723 /* main.m in Sources */ = {isa = PBXBuildFile; fileRef = 97E1C75A1AAE65F7005AF723 /* main.m */; };
		97E1C75E1AAE65F7005AF723 /* AppDelegate.m in Sources */ = {isa = PBXBuildFile; fileRef = 97E1C75D1AAE65F7005AF723 /* AppDelegate.m */; };
		97E1C7611AAE65F7005AF723 /* ViewController.m in Sources */ = {isa = PBXBuildFile; fileRef = 97E1C7601AAE65F7005AF723 /* ViewController.m */; };
		97E1C7641AAE65F7005AF723 /* Main.storyboard in Resources */ = {isa = PBXBuildFile; fileRef = 97E1C7621AAE65F7005AF723 /* Main.storyboard */; };
		97E1C7661AAE65F7005AF723 /* Images.xcassets in Resources */ = {isa = PBXBuildFile; fileRef = 97E1C7651AAE65F7005AF723 /* Images.xcassets */; };
		97E1C7691AAE65F7005AF723 /* LaunchScreen.xib in Resources */ = {isa = PBXBuildFile; fileRef = 97E1C7671AAE65F7005AF723 /* LaunchScreen.xib */; };
		97E1C7751AAE65F7005AF723 /* iOS_UI_SDKTests.m in Sources */ = {isa = PBXBuildFile; fileRef = 97E1C7741AAE65F7005AF723 /* iOS_UI_SDKTests.m */; };
		97E1C7801AAE661B005AF723 /* FMPlayPauseButton.m in Sources */ = {isa = PBXBuildFile; fileRef = 97E1C77F1AAE661B005AF723 /* FMPlayPauseButton.m */; };
		97E1C7911AAE674A005AF723 /* play.png in Resources */ = {isa = PBXBuildFile; fileRef = 97E1C78F1AAE674A005AF723 /* play.png */; };
		97E1C7921AAE674A005AF723 /* pause.png in Resources */ = {isa = PBXBuildFile; fileRef = 97E1C7901AAE674A005AF723 /* pause.png */; };
		97E1C7931AAE69A6005AF723 /* libFeedMedia.a in Frameworks */ = {isa = PBXBuildFile; fileRef = 97E1C78E1AAE6657005AF723 /* libFeedMedia.a */; };
		97E1C7951AAE69EE005AF723 /* CoreMedia.framework in Frameworks */ = {isa = PBXBuildFile; fileRef = 97E1C7941AAE69EE005AF723 /* CoreMedia.framework */; };
		97E1C7DE1AAE7143005AF723 /* AVFoundation.framework in Frameworks */ = {isa = PBXBuildFile; fileRef = 97E1C7DD1AAE7143005AF723 /* AVFoundation.framework */; };
		97E1C7E01AAE714B005AF723 /* MediaPlayer.framework in Frameworks */ = {isa = PBXBuildFile; fileRef = 97E1C7DF1AAE714B005AF723 /* MediaPlayer.framework */; };
		97E1C8341AAF5CD4005AF723 /* FMSkipButton.m in Sources */ = {isa = PBXBuildFile; fileRef = 97E1C8331AAF5CD4005AF723 /* FMSkipButton.m */; };
		97E1C83F1AAF6ACD005AF723 /* close.png in Resources */ = {isa = PBXBuildFile; fileRef = 97E1C8351AAF6ACC005AF723 /* close.png */; };
		97E1C8411AAF6ACD005AF723 /* skip.png in Resources */ = {isa = PBXBuildFile; fileRef = 97E1C8371AAF6ACD005AF723 /* skip.png */; };
		97E1C8421AAF6ACD005AF723 /* slider.png in Resources */ = {isa = PBXBuildFile; fileRef = 97E1C8381AAF6ACD005AF723 /* slider.png */; };
		97E1C8431AAF6ACD005AF723 /* thumbsdown.png in Resources */ = {isa = PBXBuildFile; fileRef = 97E1C8391AAF6ACD005AF723 /* thumbsdown.png */; };
		97E1C8441AAF6ACD005AF723 /* thumbsup.png in Resources */ = {isa = PBXBuildFile; fileRef = 97E1C83A1AAF6ACD005AF723 /* thumbsup.png */; };
		97E1C84B1AAF6D63005AF723 /* FMLikeButton.m in Sources */ = {isa = PBXBuildFile; fileRef = 97E1C84A1AAF6D63005AF723 /* FMLikeButton.m */; };
		97E1C84E1AAF8046005AF723 /* thumbsdown-selected.png in Resources */ = {isa = PBXBuildFile; fileRef = 97E1C84C1AAF8046005AF723 /* thumbsdown-selected.png */; };
		97E1C84F1AAF8046005AF723 /* thumbsup-selected.png in Resources */ = {isa = PBXBuildFile; fileRef = 97E1C84D1AAF8046005AF723 /* thumbsup-selected.png */; };
		97E1C8521AAF82D7005AF723 /* FMDislikeButton.m in Sources */ = {isa = PBXBuildFile; fileRef = 97E1C8511AAF82D7005AF723 /* FMDislikeButton.m */; };
/* End PBXBuildFile section */

/* Begin PBXContainerItemProxy section */
		97E1C76F1AAE65F7005AF723 /* PBXContainerItemProxy */ = {
			isa = PBXContainerItemProxy;
			containerPortal = 97E1C74D1AAE65F7005AF723 /* Project object */;
			proxyType = 1;
			remoteGlobalIDString = 97E1C7541AAE65F7005AF723;
			remoteInfo = "iOS-UI-SDK";
		};
		97E1C78D1AAE6657005AF723 /* PBXContainerItemProxy */ = {
			isa = PBXContainerItemProxy;
			containerPortal = 97E1C7821AAE6653005AF723 /* FeedMedia.xcodeproj */;
			proxyType = 2;
			remoteGlobalIDString = 97D93C911A9FC38C0022A51B;
			remoteInfo = FeedMedia;
		};
		97E1C7E21AAE75B0005AF723 /* PBXContainerItemProxy */ = {
			isa = PBXContainerItemProxy;
			containerPortal = 97E1C7821AAE6653005AF723 /* FeedMedia.xcodeproj */;
			proxyType = 1;
			remoteGlobalIDString = 97D93C901A9FC38C0022A51B;
			remoteInfo = FeedMedia;
		};
		97E1C7E81AAE770F005AF723 /* PBXContainerItemProxy */ = {
			isa = PBXContainerItemProxy;
			containerPortal = 97E1C7821AAE6653005AF723 /* FeedMedia.xcodeproj */;
			proxyType = 1;
			remoteGlobalIDString = 97D93CDB1A9FC6D20022A51B;
			remoteInfo = Framework;
		};
		97E1C7EA1AAE7715005AF723 /* PBXContainerItemProxy */ = {
			isa = PBXContainerItemProxy;
			containerPortal = 97E1C74D1AAE65F7005AF723 /* Project object */;
			proxyType = 1;
			remoteGlobalIDString = 97E1C7541AAE65F7005AF723;
			remoteInfo = "iOS-UI-SDK";
		};
/* End PBXContainerItemProxy section */

/* Begin PBXFileReference section */
		971272181AEF0F0600E4723A /* FMSkipWarningView.h */ = {isa = PBXFileReference; fileEncoding = 4; lastKnownFileType = sourcecode.c.h; path = FMSkipWarningView.h; sourceTree = "<group>"; };
		971272191AEF0F0600E4723A /* FMSkipWarningView.m */ = {isa = PBXFileReference; fileEncoding = 4; lastKnownFileType = sourcecode.c.objc; path = FMSkipWarningView.m; sourceTree = "<group>"; };
		9712721C1AEF1DC800E4723A /* FMMetadataLabel.h */ = {isa = PBXFileReference; fileEncoding = 4; lastKnownFileType = sourcecode.c.h; path = FMMetadataLabel.h; sourceTree = "<group>"; };
		9712721D1AEF1DC900E4723A /* FMMetadataLabel.m */ = {isa = PBXFileReference; fileEncoding = 4; lastKnownFileType = sourcecode.c.objc; path = FMMetadataLabel.m; sourceTree = "<group>"; };
		971E8E061B05AECB008E4FB2 /* FMStationButton.h */ = {isa = PBXFileReference; fileEncoding = 4; lastKnownFileType = sourcecode.c.h; path = FMStationButton.h; sourceTree = "<group>"; };
		971E8E071B05AECB008E4FB2 /* FMStationButton.m */ = {isa = PBXFileReference; fileEncoding = 4; lastKnownFileType = sourcecode.c.objc; path = FMStationButton.m; sourceTree = "<group>"; };
		972839071AF2D6FE005C90FC /* share.png */ = {isa = PBXFileReference; lastKnownFileType = image.png; path = share.png; sourceTree = "<group>"; };
		972839091AF2D80B005C90FC /* FMShareButton.h */ = {isa = PBXFileReference; fileEncoding = 4; lastKnownFileType = sourcecode.c.h; path = FMShareButton.h; sourceTree = "<group>"; };
		9728390A1AF2D80B005C90FC /* FMShareButton.m */ = {isa = PBXFileReference; fileEncoding = 4; lastKnownFileType = sourcecode.c.objc; path = FMShareButton.m; sourceTree = "<group>"; };
		9728390E1AF2E855005C90FC /* feedfm-logo.png */ = {isa = PBXFileReference; lastKnownFileType = image.png; path = "feedfm-logo.png"; sourceTree = "<group>"; };
		972839101AF2E889005C90FC /* feedfm-circle.png */ = {isa = PBXFileReference; lastKnownFileType = image.png; path = "feedfm-circle.png"; sourceTree = "<group>"; };
		974713571B323B6100C9058A /* Player.storyboard */ = {isa = PBXFileReference; fileEncoding = 4; lastKnownFileType = file.storyboard; path = Player.storyboard; sourceTree = "<group>"; };
		9747135A1B323B6100C9058A /* DisclaimerViewController.h */ = {isa = PBXFileReference; fileEncoding = 4; lastKnownFileType = sourcecode.c.h; path = DisclaimerViewController.h; sourceTree = "<group>"; };
		9747135B1B323B6100C9058A /* DisclaimerViewController.m */ = {isa = PBXFileReference; fileEncoding = 4; lastKnownFileType = sourcecode.c.objc; path = DisclaimerViewController.m; sourceTree = "<group>"; };
		9747135C1B323B6100C9058A /* MarqueeLabel.h */ = {isa = PBXFileReference; fileEncoding = 4; lastKnownFileType = sourcecode.c.h; path = MarqueeLabel.h; sourceTree = "<group>"; };
		9747135D1B323B6100C9058A /* MarqueeLabel.m */ = {isa = PBXFileReference; fileEncoding = 4; lastKnownFileType = sourcecode.c.objc; path = MarqueeLabel.m; sourceTree = "<group>"; };
		9747135E1B323B6100C9058A /* PlayerViewController.h */ = {isa = PBXFileReference; fileEncoding = 4; lastKnownFileType = sourcecode.c.h; path = PlayerViewController.h; sourceTree = "<group>"; };
		9747135F1B323B6100C9058A /* PlayerViewController.m */ = {isa = PBXFileReference; fileEncoding = 4; lastKnownFileType = sourcecode.c.objc; path = PlayerViewController.m; sourceTree = "<group>"; };
		974713651B33402500C9058A /* StationBackgroundState.h */ = {isa = PBXFileReference; fileEncoding = 4; lastKnownFileType = sourcecode.c.h; path = StationBackgroundState.h; sourceTree = "<group>"; };
		974713661B33402500C9058A /* StationBackgroundState.m */ = {isa = PBXFileReference; fileEncoding = 4; lastKnownFileType = sourcecode.c.objc; path = StationBackgroundState.m; sourceTree = "<group>"; };
		976B98AD1AAFF9E3003FA42F /* FMProgressView.h */ = {isa = PBXFileReference; fileEncoding = 4; lastKnownFileType = sourcecode.c.h; path = FMProgressView.h; sourceTree = "<group>"; };
		976B98AE1AAFF9E3003FA42F /* FMProgressView.m */ = {isa = PBXFileReference; fileEncoding = 4; lastKnownFileType = sourcecode.c.objc; path = FMProgressView.m; sourceTree = "<group>"; };
		976B98B01AB00280003FA42F /* FMElapsedTimeLabel.h */ = {isa = PBXFileReference; fileEncoding = 4; lastKnownFileType = sourcecode.c.h; path = FMElapsedTimeLabel.h; sourceTree = "<group>"; };
		976B98B11AB00280003FA42F /* FMElapsedTimeLabel.m */ = {isa = PBXFileReference; fileEncoding = 4; lastKnownFileType = sourcecode.c.objc; path = FMElapsedTimeLabel.m; sourceTree = "<group>"; };
		976B98B31AB0088C003FA42F /* FMTotalTimeLabel.h */ = {isa = PBXFileReference; fileEncoding = 4; lastKnownFileType = sourcecode.c.h; path = FMTotalTimeLabel.h; sourceTree = "<group>"; };
		976B98B41AB0088C003FA42F /* FMTotalTimeLabel.m */ = {isa = PBXFileReference; fileEncoding = 4; lastKnownFileType = sourcecode.c.objc; path = FMTotalTimeLabel.m; sourceTree = "<group>"; };
		976B993C1AB10C6B003FA42F /* FMActivityIndicator.h */ = {isa = PBXFileReference; fileEncoding = 4; lastKnownFileType = sourcecode.c.h; path = FMActivityIndicator.h; sourceTree = "<group>"; };
		976B993D1AB10C6B003FA42F /* FMActivityIndicator.m */ = {isa = PBXFileReference; fileEncoding = 4; lastKnownFileType = sourcecode.c.objc; path = FMActivityIndicator.m; sourceTree = "<group>"; };
		978F14F71B29467C002DD201 /* FMRemainingTimeLabel.h */ = {isa = PBXFileReference; fileEncoding = 4; lastKnownFileType = sourcecode.c.h; path = FMRemainingTimeLabel.h; sourceTree = "<group>"; };
		978F14F81B29467C002DD201 /* FMRemainingTimeLabel.m */ = {isa = PBXFileReference; fileEncoding = 4; lastKnownFileType = sourcecode.c.objc; path = FMRemainingTimeLabel.m; sourceTree = "<group>"; };
		97E1C7551AAE65F7005AF723 /* iOS-UI-SDK.app */ = {isa = PBXFileReference; explicitFileType = wrapper.application; includeInIndex = 0; path = "iOS-UI-SDK.app"; sourceTree = BUILT_PRODUCTS_DIR; };
		97E1C7591AAE65F7005AF723 /* Info.plist */ = {isa = PBXFileReference; lastKnownFileType = text.plist.xml; path = Info.plist; sourceTree = "<group>"; };
		97E1C75A1AAE65F7005AF723 /* main.m */ = {isa = PBXFileReference; lastKnownFileType = sourcecode.c.objc; path = main.m; sourceTree = "<group>"; };
		97E1C75C1AAE65F7005AF723 /* AppDelegate.h */ = {isa = PBXFileReference; lastKnownFileType = sourcecode.c.h; path = AppDelegate.h; sourceTree = "<group>"; };
		97E1C75D1AAE65F7005AF723 /* AppDelegate.m */ = {isa = PBXFileReference; lastKnownFileType = sourcecode.c.objc; path = AppDelegate.m; sourceTree = "<group>"; };
		97E1C75F1AAE65F7005AF723 /* ViewController.h */ = {isa = PBXFileReference; lastKnownFileType = sourcecode.c.h; path = ViewController.h; sourceTree = "<group>"; };
		97E1C7601AAE65F7005AF723 /* ViewController.m */ = {isa = PBXFileReference; lastKnownFileType = sourcecode.c.objc; path = ViewController.m; sourceTree = "<group>"; };
		97E1C7631AAE65F7005AF723 /* Base */ = {isa = PBXFileReference; lastKnownFileType = file.storyboard; name = Base; path = Base.lproj/Main.storyboard; sourceTree = "<group>"; };
		97E1C7651AAE65F7005AF723 /* Images.xcassets */ = {isa = PBXFileReference; lastKnownFileType = folder.assetcatalog; path = Images.xcassets; sourceTree = "<group>"; };
		97E1C7681AAE65F7005AF723 /* Base */ = {isa = PBXFileReference; lastKnownFileType = file.xib; name = Base; path = Base.lproj/LaunchScreen.xib; sourceTree = "<group>"; };
		97E1C76E1AAE65F7005AF723 /* iOS-UI-SDKTests.xctest */ = {isa = PBXFileReference; explicitFileType = wrapper.cfbundle; includeInIndex = 0; path = "iOS-UI-SDKTests.xctest"; sourceTree = BUILT_PRODUCTS_DIR; };
		97E1C7731AAE65F7005AF723 /* Info.plist */ = {isa = PBXFileReference; lastKnownFileType = text.plist.xml; path = Info.plist; sourceTree = "<group>"; };
		97E1C7741AAE65F7005AF723 /* iOS_UI_SDKTests.m */ = {isa = PBXFileReference; lastKnownFileType = sourcecode.c.objc; path = iOS_UI_SDKTests.m; sourceTree = "<group>"; };
		97E1C77F1AAE661B005AF723 /* FMPlayPauseButton.m */ = {isa = PBXFileReference; fileEncoding = 4; lastKnownFileType = sourcecode.c.objc; path = FMPlayPauseButton.m; sourceTree = "<group>"; };
		97E1C7811AAE6625005AF723 /* FMPlayPauseButton.h */ = {isa = PBXFileReference; fileEncoding = 4; lastKnownFileType = sourcecode.c.h; path = FMPlayPauseButton.h; sourceTree = "<group>"; };
		97E1C7821AAE6653005AF723 /* FeedMedia.xcodeproj */ = {isa = PBXFileReference; lastKnownFileType = "wrapper.pb-project"; name = FeedMedia.xcodeproj; path = "../../iOS-SDK/FeedMedia.xcodeproj"; sourceTree = "<group>"; };
		97E1C78F1AAE674A005AF723 /* play.png */ = {isa = PBXFileReference; lastKnownFileType = image.png; path = play.png; sourceTree = "<group>"; };
		97E1C7901AAE674A005AF723 /* pause.png */ = {isa = PBXFileReference; lastKnownFileType = image.png; path = pause.png; sourceTree = "<group>"; };
		97E1C7941AAE69EE005AF723 /* CoreMedia.framework */ = {isa = PBXFileReference; lastKnownFileType = wrapper.framework; name = CoreMedia.framework; path = System/Library/Frameworks/CoreMedia.framework; sourceTree = SDKROOT; };
		97E1C7DD1AAE7143005AF723 /* AVFoundation.framework */ = {isa = PBXFileReference; lastKnownFileType = wrapper.framework; name = AVFoundation.framework; path = System/Library/Frameworks/AVFoundation.framework; sourceTree = SDKROOT; };
		97E1C7DF1AAE714B005AF723 /* MediaPlayer.framework */ = {isa = PBXFileReference; lastKnownFileType = wrapper.framework; name = MediaPlayer.framework; path = System/Library/Frameworks/MediaPlayer.framework; sourceTree = SDKROOT; };
		97E1C8321AAF5CD4005AF723 /* FMSkipButton.h */ = {isa = PBXFileReference; fileEncoding = 4; lastKnownFileType = sourcecode.c.h; path = FMSkipButton.h; sourceTree = "<group>"; };
		97E1C8331AAF5CD4005AF723 /* FMSkipButton.m */ = {isa = PBXFileReference; fileEncoding = 4; lastKnownFileType = sourcecode.c.objc; path = FMSkipButton.m; sourceTree = "<group>"; };
		97E1C8351AAF6ACC005AF723 /* close.png */ = {isa = PBXFileReference; lastKnownFileType = image.png; path = close.png; sourceTree = "<group>"; };
		97E1C8371AAF6ACD005AF723 /* skip.png */ = {isa = PBXFileReference; lastKnownFileType = image.png; path = skip.png; sourceTree = "<group>"; };
		97E1C8381AAF6ACD005AF723 /* slider.png */ = {isa = PBXFileReference; lastKnownFileType = image.png; path = slider.png; sourceTree = "<group>"; };
		97E1C8391AAF6ACD005AF723 /* thumbsdown.png */ = {isa = PBXFileReference; lastKnownFileType = image.png; path = thumbsdown.png; sourceTree = "<group>"; };
		97E1C83A1AAF6ACD005AF723 /* thumbsup.png */ = {isa = PBXFileReference; lastKnownFileType = image.png; path = thumbsup.png; sourceTree = "<group>"; };
		97E1C8491AAF6D63005AF723 /* FMLikeButton.h */ = {isa = PBXFileReference; fileEncoding = 4; lastKnownFileType = sourcecode.c.h; path = FMLikeButton.h; sourceTree = "<group>"; };
		97E1C84A1AAF6D63005AF723 /* FMLikeButton.m */ = {isa = PBXFileReference; fileEncoding = 4; lastKnownFileType = sourcecode.c.objc; path = FMLikeButton.m; sourceTree = "<group>"; };
		97E1C84C1AAF8046005AF723 /* thumbsdown-selected.png */ = {isa = PBXFileReference; lastKnownFileType = image.png; path = "thumbsdown-selected.png"; sourceTree = "<group>"; };
		97E1C84D1AAF8046005AF723 /* thumbsup-selected.png */ = {isa = PBXFileReference; lastKnownFileType = image.png; path = "thumbsup-selected.png"; sourceTree = "<group>"; };
		97E1C8501AAF82D7005AF723 /* FMDislikeButton.h */ = {isa = PBXFileReference; fileEncoding = 4; lastKnownFileType = sourcecode.c.h; path = FMDislikeButton.h; sourceTree = "<group>"; };
		97E1C8511AAF82D7005AF723 /* FMDislikeButton.m */ = {isa = PBXFileReference; fileEncoding = 4; lastKnownFileType = sourcecode.c.objc; path = FMDislikeButton.m; sourceTree = "<group>"; };
/* End PBXFileReference section */

/* Begin PBXFrameworksBuildPhase section */
		97E1C7521AAE65F7005AF723 /* Frameworks */ = {
			isa = PBXFrameworksBuildPhase;
			buildActionMask = 2147483647;
			files = (
				97E1C7E01AAE714B005AF723 /* MediaPlayer.framework in Frameworks */,
				97E1C7DE1AAE7143005AF723 /* AVFoundation.framework in Frameworks */,
				97E1C7951AAE69EE005AF723 /* CoreMedia.framework in Frameworks */,
				97E1C7931AAE69A6005AF723 /* libFeedMedia.a in Frameworks */,
			);
			runOnlyForDeploymentPostprocessing = 0;
		};
		97E1C76B1AAE65F7005AF723 /* Frameworks */ = {
			isa = PBXFrameworksBuildPhase;
			buildActionMask = 2147483647;
			files = (
			);
			runOnlyForDeploymentPostprocessing = 0;
		};
/* End PBXFrameworksBuildPhase section */

/* Begin PBXGroup section */
		97E1C74C1AAE65F7005AF723 = {
			isa = PBXGroup;
			children = (
				97E1C7DF1AAE714B005AF723 /* MediaPlayer.framework */,
				97E1C7DD1AAE7143005AF723 /* AVFoundation.framework */,
				97E1C7941AAE69EE005AF723 /* CoreMedia.framework */,
				97E1C7571AAE65F7005AF723 /* iOS-UI-SDK */,
				97E1C7711AAE65F7005AF723 /* iOS-UI-SDKTests */,
				97E1C7561AAE65F7005AF723 /* Products */,
			);
			sourceTree = "<group>";
		};
		97E1C7561AAE65F7005AF723 /* Products */ = {
			isa = PBXGroup;
			children = (
				97E1C7551AAE65F7005AF723 /* iOS-UI-SDK.app */,
				97E1C76E1AAE65F7005AF723 /* iOS-UI-SDKTests.xctest */,
			);
			name = Products;
			sourceTree = "<group>";
		};
		97E1C7571AAE65F7005AF723 /* iOS-UI-SDK */ = {
			isa = PBXGroup;
			children = (
				97E1C7821AAE6653005AF723 /* FeedMedia.xcodeproj */,
				97E1C77E1AAE660D005AF723 /* Dist */,
				97E1C75C1AAE65F7005AF723 /* AppDelegate.h */,
				97E1C75D1AAE65F7005AF723 /* AppDelegate.m */,
				97E1C75F1AAE65F7005AF723 /* ViewController.h */,
				97E1C7601AAE65F7005AF723 /* ViewController.m */,
				97E1C7621AAE65F7005AF723 /* Main.storyboard */,
				97E1C7651AAE65F7005AF723 /* Images.xcassets */,
				97E1C7671AAE65F7005AF723 /* LaunchScreen.xib */,
				97E1C7581AAE65F7005AF723 /* Supporting Files */,
			);
			path = "iOS-UI-SDK";
			sourceTree = "<group>";
		};
		97E1C7581AAE65F7005AF723 /* Supporting Files */ = {
			isa = PBXGroup;
			children = (
				97E1C7591AAE65F7005AF723 /* Info.plist */,
				97E1C75A1AAE65F7005AF723 /* main.m */,
			);
			name = "Supporting Files";
			sourceTree = "<group>";
		};
		97E1C7711AAE65F7005AF723 /* iOS-UI-SDKTests */ = {
			isa = PBXGroup;
			children = (
				97E1C7741AAE65F7005AF723 /* iOS_UI_SDKTests.m */,
				97E1C7721AAE65F7005AF723 /* Supporting Files */,
			);
			path = "iOS-UI-SDKTests";
			sourceTree = "<group>";
		};
		97E1C7721AAE65F7005AF723 /* Supporting Files */ = {
			isa = PBXGroup;
			children = (
				97E1C7731AAE65F7005AF723 /* Info.plist */,
			);
			name = "Supporting Files";
			sourceTree = "<group>";
		};
		97E1C77E1AAE660D005AF723 /* Dist */ = {
			isa = PBXGroup;
			children = (
				974713571B323B6100C9058A /* Player.storyboard */,
				974713651B33402500C9058A /* StationBackgroundState.h */,
				974713661B33402500C9058A /* StationBackgroundState.m */,
				9747135A1B323B6100C9058A /* DisclaimerViewController.h */,
				9747135B1B323B6100C9058A /* DisclaimerViewController.m */,
				9747135C1B323B6100C9058A /* MarqueeLabel.h */,
				9747135D1B323B6100C9058A /* MarqueeLabel.m */,
				9747135E1B323B6100C9058A /* PlayerViewController.h */,
				9747135F1B323B6100C9058A /* PlayerViewController.m */,
				976B98AD1AAFF9E3003FA42F /* FMProgressView.h */,
				976B98AE1AAFF9E3003FA42F /* FMProgressView.m */,
				976B98B31AB0088C003FA42F /* FMTotalTimeLabel.h */,
				976B98B41AB0088C003FA42F /* FMTotalTimeLabel.m */,
				978F14F71B29467C002DD201 /* FMRemainingTimeLabel.h */,
				978F14F81B29467C002DD201 /* FMRemainingTimeLabel.m */,
				976B98B01AB00280003FA42F /* FMElapsedTimeLabel.h */,
				976B98B11AB00280003FA42F /* FMElapsedTimeLabel.m */,
				97E1C8321AAF5CD4005AF723 /* FMSkipButton.h */,
				97E1C8331AAF5CD4005AF723 /* FMSkipButton.m */,
				97E1C8491AAF6D63005AF723 /* FMLikeButton.h */,
				97E1C84A1AAF6D63005AF723 /* FMLikeButton.m */,
				97E1C8501AAF82D7005AF723 /* FMDislikeButton.h */,
				97E1C8511AAF82D7005AF723 /* FMDislikeButton.m */,
				971E8E061B05AECB008E4FB2 /* FMStationButton.h */,
				971E8E071B05AECB008E4FB2 /* FMStationButton.m */,
				97E1C7811AAE6625005AF723 /* FMPlayPauseButton.h */,
				97E1C77F1AAE661B005AF723 /* FMPlayPauseButton.m */,
				976B993C1AB10C6B003FA42F /* FMActivityIndicator.h */,
				976B993D1AB10C6B003FA42F /* FMActivityIndicator.m */,
				9712721C1AEF1DC800E4723A /* FMMetadataLabel.h */,
				9712721D1AEF1DC900E4723A /* FMMetadataLabel.m */,
				971272181AEF0F0600E4723A /* FMSkipWarningView.h */,
				971272191AEF0F0600E4723A /* FMSkipWarningView.m */,
				972839091AF2D80B005C90FC /* FMShareButton.h */,
				9728390A1AF2D80B005C90FC /* FMShareButton.m */,
				97E1C7E11AAE719C005AF723 /* Resources */,
			);
			name = Dist;
			path = "iOS-UI-SDK/Dist";
			sourceTree = SOURCE_ROOT;
		};
		97E1C7891AAE6657005AF723 /* Products */ = {
			isa = PBXGroup;
			children = (
				97E1C78E1AAE6657005AF723 /* libFeedMedia.a */,
			);
			name = Products;
			sourceTree = "<group>";
		};
		97E1C7E11AAE719C005AF723 /* Resources */ = {
			isa = PBXGroup;
			children = (
				97E1C8351AAF6ACC005AF723 /* close.png */,
				97E1C8371AAF6ACD005AF723 /* skip.png */,
				972839071AF2D6FE005C90FC /* share.png */,
				97E1C8381AAF6ACD005AF723 /* slider.png */,
				97E1C8391AAF6ACD005AF723 /* thumbsdown.png */,
				97E1C84C1AAF8046005AF723 /* thumbsdown-selected.png */,
				97E1C84D1AAF8046005AF723 /* thumbsup-selected.png */,
				97E1C83A1AAF6ACD005AF723 /* thumbsup.png */,
				97E1C78F1AAE674A005AF723 /* play.png */,
				97E1C7901AAE674A005AF723 /* pause.png */,
				972839101AF2E889005C90FC /* feedfm-circle.png */,
				9728390E1AF2E855005C90FC /* feedfm-logo.png */,
			);
			path = Resources;
			sourceTree = "<group>";
		};
/* End PBXGroup section */

/* Begin PBXNativeTarget section */
		97E1C7541AAE65F7005AF723 /* iOS-UI-SDK */ = {
			isa = PBXNativeTarget;
			buildConfigurationList = 97E1C7781AAE65F7005AF723 /* Build configuration list for PBXNativeTarget "iOS-UI-SDK" */;
			buildPhases = (
				97E1C7511AAE65F7005AF723 /* Sources */,
				97E1C7521AAE65F7005AF723 /* Frameworks */,
				97E1C7531AAE65F7005AF723 /* Resources */,
			);
			buildRules = (
			);
			dependencies = (
				97E1C7E31AAE75B0005AF723 /* PBXTargetDependency */,
			);
			name = "iOS-UI-SDK";
			productName = "iOS-UI-SDK";
			productReference = 97E1C7551AAE65F7005AF723 /* iOS-UI-SDK.app */;
			productType = "com.apple.product-type.application";
		};
		97E1C76D1AAE65F7005AF723 /* iOS-UI-SDKTests */ = {
			isa = PBXNativeTarget;
			buildConfigurationList = 97E1C77B1AAE65F7005AF723 /* Build configuration list for PBXNativeTarget "iOS-UI-SDKTests" */;
			buildPhases = (
				97E1C76A1AAE65F7005AF723 /* Sources */,
				97E1C76B1AAE65F7005AF723 /* Frameworks */,
				97E1C76C1AAE65F7005AF723 /* Resources */,
			);
			buildRules = (
			);
			dependencies = (
				97E1C7701AAE65F7005AF723 /* PBXTargetDependency */,
			);
			name = "iOS-UI-SDKTests";
			productName = "iOS-UI-SDKTests";
			productReference = 97E1C76E1AAE65F7005AF723 /* iOS-UI-SDKTests.xctest */;
			productType = "com.apple.product-type.bundle.unit-test";
		};
/* End PBXNativeTarget section */

/* Begin PBXProject section */
		97E1C74D1AAE65F7005AF723 /* Project object */ = {
			isa = PBXProject;
			attributes = {
				LastUpgradeCheck = 0610;
				ORGANIZATIONNAME = "Feed Media";
				TargetAttributes = {
					97E1C7541AAE65F7005AF723 = {
						CreatedOnToolsVersion = 6.1.1;
						SystemCapabilities = {
							com.apple.BackgroundModes = {
								enabled = 1;
							};
						};
					};
					97E1C76D1AAE65F7005AF723 = {
						CreatedOnToolsVersion = 6.1.1;
						TestTargetID = 97E1C7541AAE65F7005AF723;
					};
					97E1C7E41AAE7704005AF723 = {
						CreatedOnToolsVersion = 6.1.1;
					};
				};
			};
			buildConfigurationList = 97E1C7501AAE65F7005AF723 /* Build configuration list for PBXProject "iOS-UI-SDK" */;
			compatibilityVersion = "Xcode 3.2";
			developmentRegion = English;
			hasScannedForEncodings = 0;
			knownRegions = (
				en,
				Base,
			);
			mainGroup = 97E1C74C1AAE65F7005AF723;
			productRefGroup = 97E1C7561AAE65F7005AF723 /* Products */;
			projectDirPath = "";
			projectReferences = (
				{
					ProductGroup = 97E1C7891AAE6657005AF723 /* Products */;
					ProjectRef = 97E1C7821AAE6653005AF723 /* FeedMedia.xcodeproj */;
				},
			);
			projectRoot = "";
			targets = (
				97E1C7541AAE65F7005AF723 /* iOS-UI-SDK */,
				97E1C76D1AAE65F7005AF723 /* iOS-UI-SDKTests */,
				97E1C7E41AAE7704005AF723 /* Distribution */,
			);
		};
/* End PBXProject section */

/* Begin PBXReferenceProxy section */
		97E1C78E1AAE6657005AF723 /* libFeedMedia.a */ = {
			isa = PBXReferenceProxy;
			fileType = archive.ar;
			path = libFeedMedia.a;
			remoteRef = 97E1C78D1AAE6657005AF723 /* PBXContainerItemProxy */;
			sourceTree = BUILT_PRODUCTS_DIR;
		};
/* End PBXReferenceProxy section */

/* Begin PBXResourcesBuildPhase section */
		97E1C7531AAE65F7005AF723 /* Resources */ = {
			isa = PBXResourcesBuildPhase;
			buildActionMask = 2147483647;
			files = (
				97E1C8441AAF6ACD005AF723 /* thumbsup.png in Resources */,
				97E1C83F1AAF6ACD005AF723 /* close.png in Resources */,
				97E1C7641AAE65F7005AF723 /* Main.storyboard in Resources */,
				97E1C8411AAF6ACD005AF723 /* skip.png in Resources */,
				97E1C7911AAE674A005AF723 /* play.png in Resources */,
				972839081AF2D6FE005C90FC /* share.png in Resources */,
				974713601B323B6100C9058A /* Player.storyboard in Resources */,
				97E1C8431AAF6ACD005AF723 /* thumbsdown.png in Resources */,
				97E1C7921AAE674A005AF723 /* pause.png in Resources */,
				97E1C84E1AAF8046005AF723 /* thumbsdown-selected.png in Resources */,
				97E1C84F1AAF8046005AF723 /* thumbsup-selected.png in Resources */,
				97E1C7691AAE65F7005AF723 /* LaunchScreen.xib in Resources */,
				9728390F1AF2E855005C90FC /* feedfm-logo.png in Resources */,
				972839111AF2E889005C90FC /* feedfm-circle.png in Resources */,
				97E1C8421AAF6ACD005AF723 /* slider.png in Resources */,
				97E1C7661AAE65F7005AF723 /* Images.xcassets in Resources */,
			);
			runOnlyForDeploymentPostprocessing = 0;
		};
		97E1C76C1AAE65F7005AF723 /* Resources */ = {
			isa = PBXResourcesBuildPhase;
			buildActionMask = 2147483647;
			files = (
			);
			runOnlyForDeploymentPostprocessing = 0;
		};
/* End PBXResourcesBuildPhase section */

/* Begin PBXShellScriptBuildPhase section */
		97E1C7EC1AAE789C005AF723 /* Create distribution .zip */ = {
			isa = PBXShellScriptBuildPhase;
			buildActionMask = 2147483647;
			files = (
			);
			inputPaths = (
			);
			name = "Create distribution .zip";
			outputPaths = (
			);
			runOnlyForDeploymentPostprocessing = 0;
			shellPath = /bin/sh;
			shellScript = "\nrm -f ${PROJECT_DIR}/FeedMedia.zip\n\ncd ${BUILT_PRODUCTS_DIR}\nzip -r --symlinks ${PROJECT_DIR}/FeedMedia.zip *.framework\n\ncd \"${PROJECT_DIR}/${PROJECT_NAME}/Dist\"\nzip -r --symlinks -u ${PROJECT_DIR}/FeedMedia.zip *\n\n";
		};
/* End PBXShellScriptBuildPhase section */

/* Begin PBXSourcesBuildPhase section */
		97E1C7511AAE65F7005AF723 /* Sources */ = {
			isa = PBXSourcesBuildPhase;
			buildActionMask = 2147483647;
			files = (
				97E1C7611AAE65F7005AF723 /* ViewController.m in Sources */,
				974713621B323B6100C9058A /* DisclaimerViewController.m in Sources */,
				97E1C8521AAF82D7005AF723 /* FMDislikeButton.m in Sources */,
				974713671B33402500C9058A /* StationBackgroundState.m in Sources */,
				976B98AF1AAFF9E3003FA42F /* FMProgressView.m in Sources */,
				97E1C8341AAF5CD4005AF723 /* FMSkipButton.m in Sources */,
				97E1C7801AAE661B005AF723 /* FMPlayPauseButton.m in Sources */,
				97E1C75E1AAE65F7005AF723 /* AppDelegate.m in Sources */,
				971E8E081B05AECB008E4FB2 /* FMStationButton.m in Sources */,
				9712721E1AEF1DC900E4723A /* FMMetadataLabel.m in Sources */,
				978F14F91B29467C002DD201 /* FMRemainingTimeLabel.m in Sources */,
				9712721A1AEF0F0600E4723A /* FMSkipWarningView.m in Sources */,
				976B98B51AB0088C003FA42F /* FMTotalTimeLabel.m in Sources */,
				97E1C75B1AAE65F7005AF723 /* main.m in Sources */,
				9728390B1AF2D80B005C90FC /* FMShareButton.m in Sources */,
				974713641B323B6100C9058A /* PlayerViewController.m in Sources */,
				97E1C84B1AAF6D63005AF723 /* FMLikeButton.m in Sources */,
				974713631B323B6100C9058A /* MarqueeLabel.m in Sources */,
				976B993E1AB10C6B003FA42F /* FMActivityIndicator.m in Sources */,
				976B98B21AB00280003FA42F /* FMElapsedTimeLabel.m in Sources */,
			);
			runOnlyForDeploymentPostprocessing = 0;
		};
		97E1C76A1AAE65F7005AF723 /* Sources */ = {
			isa = PBXSourcesBuildPhase;
			buildActionMask = 2147483647;
			files = (
				97E1C7751AAE65F7005AF723 /* iOS_UI_SDKTests.m in Sources */,
			);
			runOnlyForDeploymentPostprocessing = 0;
		};
/* End PBXSourcesBuildPhase section */

/* Begin PBXTargetDependency section */
		97E1C7701AAE65F7005AF723 /* PBXTargetDependency */ = {
			isa = PBXTargetDependency;
			target = 97E1C7541AAE65F7005AF723 /* iOS-UI-SDK */;
			targetProxy = 97E1C76F1AAE65F7005AF723 /* PBXContainerItemProxy */;
		};
		97E1C7E31AAE75B0005AF723 /* PBXTargetDependency */ = {
			isa = PBXTargetDependency;
			name = FeedMedia;
			targetProxy = 97E1C7E21AAE75B0005AF723 /* PBXContainerItemProxy */;
		};
		97E1C7E91AAE770F005AF723 /* PBXTargetDependency */ = {
			isa = PBXTargetDependency;
			name = Framework;
			targetProxy = 97E1C7E81AAE770F005AF723 /* PBXContainerItemProxy */;
		};
		97E1C7EB1AAE7715005AF723 /* PBXTargetDependency */ = {
			isa = PBXTargetDependency;
			target = 97E1C7541AAE65F7005AF723 /* iOS-UI-SDK */;
			targetProxy = 97E1C7EA1AAE7715005AF723 /* PBXContainerItemProxy */;
		};
/* End PBXTargetDependency section */

/* Begin PBXVariantGroup section */
		97E1C7621AAE65F7005AF723 /* Main.storyboard */ = {
			isa = PBXVariantGroup;
			children = (
				97E1C7631AAE65F7005AF723 /* Base */,
			);
			name = Main.storyboard;
			sourceTree = "<group>";
		};
		97E1C7671AAE65F7005AF723 /* LaunchScreen.xib */ = {
			isa = PBXVariantGroup;
			children = (
				97E1C7681AAE65F7005AF723 /* Base */,
			);
			name = LaunchScreen.xib;
			sourceTree = "<group>";
		};
/* End PBXVariantGroup section */

/* Begin XCBuildConfiguration section */
		97E1C7761AAE65F7005AF723 /* Debug */ = {
			isa = XCBuildConfiguration;
			buildSettings = {
				ALWAYS_SEARCH_USER_PATHS = NO;
				CLANG_CXX_LANGUAGE_STANDARD = "gnu++0x";
				CLANG_CXX_LIBRARY = "libc++";
				CLANG_ENABLE_MODULES = YES;
				CLANG_ENABLE_OBJC_ARC = YES;
				CLANG_WARN_BOOL_CONVERSION = YES;
				CLANG_WARN_CONSTANT_CONVERSION = YES;
				CLANG_WARN_DIRECT_OBJC_ISA_USAGE = YES_ERROR;
				CLANG_WARN_EMPTY_BODY = YES;
				CLANG_WARN_ENUM_CONVERSION = YES;
				CLANG_WARN_INT_CONVERSION = YES;
				CLANG_WARN_OBJC_ROOT_CLASS = YES_ERROR;
				CLANG_WARN_UNREACHABLE_CODE = YES;
				CLANG_WARN__DUPLICATE_METHOD_MATCH = YES;
				"CODE_SIGN_IDENTITY[sdk=iphoneos*]" = "iPhone Developer";
				COPY_PHASE_STRIP = NO;
				ENABLE_STRICT_OBJC_MSGSEND = YES;
				GCC_C_LANGUAGE_STANDARD = gnu99;
				GCC_DYNAMIC_NO_PIC = NO;
				GCC_OPTIMIZATION_LEVEL = 0;
				GCC_PREPROCESSOR_DEFINITIONS = (
					"DEBUG=1",
					"$(inherited)",
				);
				GCC_SYMBOLS_PRIVATE_EXTERN = NO;
				GCC_WARN_64_TO_32_BIT_CONVERSION = YES;
				GCC_WARN_ABOUT_RETURN_TYPE = YES_ERROR;
				GCC_WARN_UNDECLARED_SELECTOR = YES;
				GCC_WARN_UNINITIALIZED_AUTOS = YES_AGGRESSIVE;
				GCC_WARN_UNUSED_FUNCTION = YES;
				GCC_WARN_UNUSED_VARIABLE = YES;
				IPHONEOS_DEPLOYMENT_TARGET = 8.1;
				MTL_ENABLE_DEBUG_INFO = YES;
				ONLY_ACTIVE_ARCH = YES;
				SDKROOT = iphoneos;
				TARGETED_DEVICE_FAMILY = "1,2";
			};
			name = Debug;
		};
		97E1C7771AAE65F7005AF723 /* Release */ = {
			isa = XCBuildConfiguration;
			buildSettings = {
				ALWAYS_SEARCH_USER_PATHS = NO;
				CLANG_CXX_LANGUAGE_STANDARD = "gnu++0x";
				CLANG_CXX_LIBRARY = "libc++";
				CLANG_ENABLE_MODULES = YES;
				CLANG_ENABLE_OBJC_ARC = YES;
				CLANG_WARN_BOOL_CONVERSION = YES;
				CLANG_WARN_CONSTANT_CONVERSION = YES;
				CLANG_WARN_DIRECT_OBJC_ISA_USAGE = YES_ERROR;
				CLANG_WARN_EMPTY_BODY = YES;
				CLANG_WARN_ENUM_CONVERSION = YES;
				CLANG_WARN_INT_CONVERSION = YES;
				CLANG_WARN_OBJC_ROOT_CLASS = YES_ERROR;
				CLANG_WARN_UNREACHABLE_CODE = YES;
				CLANG_WARN__DUPLICATE_METHOD_MATCH = YES;
				"CODE_SIGN_IDENTITY[sdk=iphoneos*]" = "iPhone Developer";
				COPY_PHASE_STRIP = YES;
				ENABLE_NS_ASSERTIONS = NO;
				ENABLE_STRICT_OBJC_MSGSEND = YES;
				GCC_C_LANGUAGE_STANDARD = gnu99;
				GCC_WARN_64_TO_32_BIT_CONVERSION = YES;
				GCC_WARN_ABOUT_RETURN_TYPE = YES_ERROR;
				GCC_WARN_UNDECLARED_SELECTOR = YES;
				GCC_WARN_UNINITIALIZED_AUTOS = YES_AGGRESSIVE;
				GCC_WARN_UNUSED_FUNCTION = YES;
				GCC_WARN_UNUSED_VARIABLE = YES;
				IPHONEOS_DEPLOYMENT_TARGET = 8.1;
				MTL_ENABLE_DEBUG_INFO = NO;
				SDKROOT = iphoneos;
				TARGETED_DEVICE_FAMILY = "1,2";
				VALIDATE_PRODUCT = YES;
			};
			name = Release;
		};
		97E1C7791AAE65F7005AF723 /* Debug */ = {
			isa = XCBuildConfiguration;
			buildSettings = {
				ASSETCATALOG_COMPILER_APPICON_NAME = AppIcon;
				INFOPLIST_FILE = "iOS-UI-SDK/Info.plist";
				LD_RUNPATH_SEARCH_PATHS = "$(inherited) @executable_path/Frameworks";
				PRODUCT_NAME = "$(TARGET_NAME)";
			};
			name = Debug;
		};
		97E1C77A1AAE65F7005AF723 /* Release */ = {
			isa = XCBuildConfiguration;
			buildSettings = {
				ASSETCATALOG_COMPILER_APPICON_NAME = AppIcon;
				INFOPLIST_FILE = "iOS-UI-SDK/Info.plist";
				LD_RUNPATH_SEARCH_PATHS = "$(inherited) @executable_path/Frameworks";
				PRODUCT_NAME = "$(TARGET_NAME)";
			};
			name = Release;
		};
		97E1C77C1AAE65F7005AF723 /* Debug */ = {
			isa = XCBuildConfiguration;
			buildSettings = {
				BUNDLE_LOADER = "$(TEST_HOST)";
				FRAMEWORK_SEARCH_PATHS = (
					"$(SDKROOT)/Developer/Library/Frameworks",
					"$(inherited)",
				);
				GCC_PREPROCESSOR_DEFINITIONS = (
					"DEBUG=1",
					"$(inherited)",
				);
				INFOPLIST_FILE = "iOS-UI-SDKTests/Info.plist";
				LD_RUNPATH_SEARCH_PATHS = "$(inherited) @executable_path/Frameworks @loader_path/Frameworks";
				PRODUCT_NAME = "$(TARGET_NAME)";
				TEST_HOST = "$(BUILT_PRODUCTS_DIR)/iOS-UI-SDK.app/iOS-UI-SDK";
			};
			name = Debug;
		};
		97E1C77D1AAE65F7005AF723 /* Release */ = {
			isa = XCBuildConfiguration;
			buildSettings = {
				BUNDLE_LOADER = "$(TEST_HOST)";
				FRAMEWORK_SEARCH_PATHS = (
					"$(SDKROOT)/Developer/Library/Frameworks",
					"$(inherited)",
				);
				INFOPLIST_FILE = "iOS-UI-SDKTests/Info.plist";
				LD_RUNPATH_SEARCH_PATHS = "$(inherited) @executable_path/Frameworks @loader_path/Frameworks";
				PRODUCT_NAME = "$(TARGET_NAME)";
				TEST_HOST = "$(BUILT_PRODUCTS_DIR)/iOS-UI-SDK.app/iOS-UI-SDK";
			};
			name = Release;
		};
		97E1C7E61AAE7704005AF723 /* Debug */ = {
			isa = XCBuildConfiguration;
			buildSettings = {
				PRODUCT_NAME = "$(TARGET_NAME)";
			};
			name = Debug;
		};
		97E1C7E71AAE7704005AF723 /* Release */ = {
			isa = XCBuildConfiguration;
			buildSettings = {
				PRODUCT_NAME = "$(TARGET_NAME)";
			};
			name = Release;
		};
/* End XCBuildConfiguration section */

/* Begin XCConfigurationList section */
		97E1C7501AAE65F7005AF723 /* Build configuration list for PBXProject "iOS-UI-SDK" */ = {
			isa = XCConfigurationList;
			buildConfigurations = (
				97E1C7761AAE65F7005AF723 /* Debug */,
				97E1C7771AAE65F7005AF723 /* Release */,
			);
			defaultConfigurationIsVisible = 0;
			defaultConfigurationName = Release;
		};
		97E1C7781AAE65F7005AF723 /* Build configuration list for PBXNativeTarget "iOS-UI-SDK" */ = {
			isa = XCConfigurationList;
			buildConfigurations = (
				97E1C7791AAE65F7005AF723 /* Debug */,
				97E1C77A1AAE65F7005AF723 /* Release */,
			);
			defaultConfigurationIsVisible = 0;
			defaultConfigurationName = Release;
		};
		97E1C77B1AAE65F7005AF723 /* Build configuration list for PBXNativeTarget "iOS-UI-SDKTests" */ = {
			isa = XCConfigurationList;
			buildConfigurations = (
				97E1C77C1AAE65F7005AF723 /* Debug */,
				97E1C77D1AAE65F7005AF723 /* Release */,
			);
			defaultConfigurationIsVisible = 0;
			defaultConfigurationName = Release;
		};
		97E1C7E51AAE7704005AF723 /* Build configuration list for PBXAggregateTarget "Distribution" */ = {
			isa = XCConfigurationList;
			buildConfigurations = (
				97E1C7E61AAE7704005AF723 /* Debug */,
				97E1C7E71AAE7704005AF723 /* Release */,
			);
			defaultConfigurationIsVisible = 0;
			defaultConfigurationName = Release;
		};
/* End XCConfigurationList section */
	};
	rootObject = 97E1C74D1AAE65F7005AF723 /* Project object */;
}
