// !$*UTF8*$!
{
	archiveVersion = 1;
	classes = {
	};
	objectVersion = 46;
	objects = {

/* Begin PBXAggregateTarget section */
		A982F45B1C69751B0015AE5E /* Populate dist folder */ = {
			isa = PBXAggregateTarget;
			buildConfigurationList = A982F45C1C69751B0015AE5E /* Build configuration list for PBXAggregateTarget "Populate dist folder" */;
			buildPhases = (
				A982F4FE1C6982700015AE5E /* Make sure podspec version is up to date */,
				A982F4611C69753E0015AE5E /* Create distribution zip */,
			);
			dependencies = (
				A982F4601C69753B0015AE5E /* PBXTargetDependency */,
			);
			name = "Populate dist folder";
			productName = Deploy;
		};
		A982F4F51C697BEB0015AE5E /* Deploy */ = {
			isa = PBXAggregateTarget;
			buildConfigurationList = A982F4F61C697BEB0015AE5E /* Build configuration list for PBXAggregateTarget "Deploy" */;
			buildPhases = (
				A982F4FD1C697E430015AE5E /* Make sure things are checked in and tagged */,
				A982F4FB1C697BF60015AE5E /* Copy release .zip to web server */,
				A982F4FC1C697C730015AE5E /* Deploy cocoapod */,
			);
			dependencies = (
				A982F4FA1C697BF10015AE5E /* PBXTargetDependency */,
			);
			name = Deploy;
			productName = Deploy;
		};
/* End PBXAggregateTarget section */

/* Begin PBXBuildFile section */
		6003F58E195388D20070C39A /* Foundation.framework in Frameworks */ = {isa = PBXBuildFile; fileRef = 6003F58D195388D20070C39A /* Foundation.framework */; };
		6003F590195388D20070C39A /* CoreGraphics.framework in Frameworks */ = {isa = PBXBuildFile; fileRef = 6003F58F195388D20070C39A /* CoreGraphics.framework */; };
		6003F592195388D20070C39A /* UIKit.framework in Frameworks */ = {isa = PBXBuildFile; fileRef = 6003F591195388D20070C39A /* UIKit.framework */; };
		6003F598195388D20070C39A /* InfoPlist.strings in Resources */ = {isa = PBXBuildFile; fileRef = 6003F596195388D20070C39A /* InfoPlist.strings */; };
		6003F59A195388D20070C39A /* main.m in Sources */ = {isa = PBXBuildFile; fileRef = 6003F599195388D20070C39A /* main.m */; };
		6003F59E195388D20070C39A /* AppDelegate.m in Sources */ = {isa = PBXBuildFile; fileRef = 6003F59D195388D20070C39A /* AppDelegate.m */; };
		6003F5A9195388D20070C39A /* Images.xcassets in Resources */ = {isa = PBXBuildFile; fileRef = 6003F5A8195388D20070C39A /* Images.xcassets */; };
		6003F5B0195388D20070C39A /* XCTest.framework in Frameworks */ = {isa = PBXBuildFile; fileRef = 6003F5AF195388D20070C39A /* XCTest.framework */; };
		6003F5B1195388D20070C39A /* Foundation.framework in Frameworks */ = {isa = PBXBuildFile; fileRef = 6003F58D195388D20070C39A /* Foundation.framework */; };
		6003F5B2195388D20070C39A /* UIKit.framework in Frameworks */ = {isa = PBXBuildFile; fileRef = 6003F591195388D20070C39A /* UIKit.framework */; };
		6003F5BA195388D20070C39A /* InfoPlist.strings in Resources */ = {isa = PBXBuildFile; fileRef = 6003F5B8195388D20070C39A /* InfoPlist.strings */; };
		6003F5BC195388D20070C39A /* Tests.m in Sources */ = {isa = PBXBuildFile; fileRef = 6003F5BB195388D20070C39A /* Tests.m */; };
		A96AAAC61C615F570059FB92 /* LICENSE.md in Sources */ = {isa = PBXBuildFile; fileRef = A96AAAC51C615F570059FB92 /* LICENSE.md */; };
		A975B8621C625D0300277B3A /* DisclaimerViewController.m in Sources */ = {isa = PBXBuildFile; fileRef = A975B85E1C625D0300277B3A /* DisclaimerViewController.m */; };
		A975B8631C625D0300277B3A /* Player.storyboard in Resources */ = {isa = PBXBuildFile; fileRef = A975B85F1C625D0300277B3A /* Player.storyboard */; };
		A975B8641C625D0300277B3A /* PlayerViewController.m in Sources */ = {isa = PBXBuildFile; fileRef = A975B8611C625D0300277B3A /* PlayerViewController.m */; };
		A98EA7F11C62672600B6DEF6 /* Launch Screen.storyboard in Resources */ = {isa = PBXBuildFile; fileRef = A98EA7F01C62672600B6DEF6 /* Launch Screen.storyboard */; };
		D415C5DFB9BA70C6E929AF2A /* libPods-FeedMediaUI_Tests.a in Frameworks */ = {isa = PBXBuildFile; fileRef = E98E237C81DB4E6D574C404D /* libPods-FeedMediaUI_Tests.a */; };
		DAC08995361F243E37C592B3 /* libPods-FeedMediaUI_Example.a in Frameworks */ = {isa = PBXBuildFile; fileRef = 80A2D0E752FA757F55A14B56 /* libPods-FeedMediaUI_Example.a */; };
/* End PBXBuildFile section */

/* Begin PBXContainerItemProxy section */
		6003F5B3195388D20070C39A /* PBXContainerItemProxy */ = {
			isa = PBXContainerItemProxy;
			containerPortal = 6003F582195388D10070C39A /* Project object */;
			proxyType = 1;
			remoteGlobalIDString = 6003F589195388D20070C39A;
			remoteInfo = FeedMediaUI;
		};
		A982F45F1C69753B0015AE5E /* PBXContainerItemProxy */ = {
			isa = PBXContainerItemProxy;
			containerPortal = 6003F582195388D10070C39A /* Project object */;
			proxyType = 1;
			remoteGlobalIDString = 6003F589195388D20070C39A;
			remoteInfo = FeedMediaUI_Example;
		};
		A982F4F91C697BF10015AE5E /* PBXContainerItemProxy */ = {
			isa = PBXContainerItemProxy;
			containerPortal = 6003F582195388D10070C39A /* Project object */;
			proxyType = 1;
			remoteGlobalIDString = A982F45B1C69751B0015AE5E;
			remoteInfo = "Populate dist folder";
		};
/* End PBXContainerItemProxy section */

/* Begin PBXFileReference section */
		1591AF3D232EA7D699C9B974 /* Pods-FeedMediaUI_Tests.release.xcconfig */ = {isa = PBXFileReference; includeInIndex = 1; lastKnownFileType = text.xcconfig; name = "Pods-FeedMediaUI_Tests.release.xcconfig"; path = "Pods/Target Support Files/Pods-FeedMediaUI_Tests/Pods-FeedMediaUI_Tests.release.xcconfig"; sourceTree = "<group>"; };
		6003F58A195388D20070C39A /* FeedMediaUI_Example.app */ = {isa = PBXFileReference; explicitFileType = wrapper.application; includeInIndex = 0; path = FeedMediaUI_Example.app; sourceTree = BUILT_PRODUCTS_DIR; };
		6003F58D195388D20070C39A /* Foundation.framework */ = {isa = PBXFileReference; lastKnownFileType = wrapper.framework; name = Foundation.framework; path = System/Library/Frameworks/Foundation.framework; sourceTree = SDKROOT; };
		6003F58F195388D20070C39A /* CoreGraphics.framework */ = {isa = PBXFileReference; lastKnownFileType = wrapper.framework; name = CoreGraphics.framework; path = System/Library/Frameworks/CoreGraphics.framework; sourceTree = SDKROOT; };
		6003F591195388D20070C39A /* UIKit.framework */ = {isa = PBXFileReference; lastKnownFileType = wrapper.framework; name = UIKit.framework; path = System/Library/Frameworks/UIKit.framework; sourceTree = SDKROOT; };
		6003F595195388D20070C39A /* FeedMediaUI-Info.plist */ = {isa = PBXFileReference; lastKnownFileType = text.plist.xml; path = "FeedMediaUI-Info.plist"; sourceTree = "<group>"; };
		6003F597195388D20070C39A /* en */ = {isa = PBXFileReference; lastKnownFileType = text.plist.strings; name = en; path = en.lproj/InfoPlist.strings; sourceTree = "<group>"; };
		6003F599195388D20070C39A /* main.m */ = {isa = PBXFileReference; lastKnownFileType = sourcecode.c.objc; path = main.m; sourceTree = "<group>"; };
		6003F59B195388D20070C39A /* FeedMediaUI-Prefix.pch */ = {isa = PBXFileReference; lastKnownFileType = sourcecode.c.h; path = "FeedMediaUI-Prefix.pch"; sourceTree = "<group>"; };
		6003F59C195388D20070C39A /* AppDelegate.h */ = {isa = PBXFileReference; lastKnownFileType = sourcecode.c.h; path = AppDelegate.h; sourceTree = "<group>"; };
		6003F59D195388D20070C39A /* AppDelegate.m */ = {isa = PBXFileReference; lastKnownFileType = sourcecode.c.objc; path = AppDelegate.m; sourceTree = "<group>"; };
		6003F5A8195388D20070C39A /* Images.xcassets */ = {isa = PBXFileReference; lastKnownFileType = folder.assetcatalog; path = Images.xcassets; sourceTree = "<group>"; };
		6003F5AE195388D20070C39A /* FeedMediaUI_Tests.xctest */ = {isa = PBXFileReference; explicitFileType = wrapper.cfbundle; includeInIndex = 0; path = FeedMediaUI_Tests.xctest; sourceTree = BUILT_PRODUCTS_DIR; };
		6003F5AF195388D20070C39A /* XCTest.framework */ = {isa = PBXFileReference; lastKnownFileType = wrapper.framework; name = XCTest.framework; path = Library/Frameworks/XCTest.framework; sourceTree = DEVELOPER_DIR; };
		6003F5B7195388D20070C39A /* Tests-Info.plist */ = {isa = PBXFileReference; lastKnownFileType = text.plist.xml; path = "Tests-Info.plist"; sourceTree = "<group>"; };
		6003F5B9195388D20070C39A /* en */ = {isa = PBXFileReference; lastKnownFileType = text.plist.strings; name = en; path = en.lproj/InfoPlist.strings; sourceTree = "<group>"; };
		6003F5BB195388D20070C39A /* Tests.m */ = {isa = PBXFileReference; lastKnownFileType = sourcecode.c.objc; path = Tests.m; sourceTree = "<group>"; };
		606FC2411953D9B200FFA9A0 /* Tests-Prefix.pch */ = {isa = PBXFileReference; lastKnownFileType = sourcecode.c.h; path = "Tests-Prefix.pch"; sourceTree = "<group>"; };
		80A2D0E752FA757F55A14B56 /* libPods-FeedMediaUI_Example.a */ = {isa = PBXFileReference; explicitFileType = archive.ar; includeInIndex = 0; path = "libPods-FeedMediaUI_Example.a"; sourceTree = BUILT_PRODUCTS_DIR; };
		8CF99C44A50F9A671F915D99 /* Pods-FeedMediaUI_Tests.debug.xcconfig */ = {isa = PBXFileReference; includeInIndex = 1; lastKnownFileType = text.xcconfig; name = "Pods-FeedMediaUI_Tests.debug.xcconfig"; path = "Pods/Target Support Files/Pods-FeedMediaUI_Tests/Pods-FeedMediaUI_Tests.debug.xcconfig"; sourceTree = "<group>"; };
		9FD243F5E3669D6DA9B92579 /* Pods-FeedMediaUI_Example.debug.xcconfig */ = {isa = PBXFileReference; includeInIndex = 1; lastKnownFileType = text.xcconfig; name = "Pods-FeedMediaUI_Example.debug.xcconfig"; path = "Pods/Target Support Files/Pods-FeedMediaUI_Example/Pods-FeedMediaUI_Example.debug.xcconfig"; sourceTree = "<group>"; };
		A24F8B553E10196EB413E2E9 /* FeedMediaUI.podspec */ = {isa = PBXFileReference; includeInIndex = 1; lastKnownFileType = text; name = FeedMediaUI.podspec; path = ../FeedMediaUI.podspec; sourceTree = "<group>"; };
		A96AAAC51C615F570059FB92 /* LICENSE.md */ = {isa = PBXFileReference; fileEncoding = 4; lastKnownFileType = net.daringfireball.markdown; path = LICENSE.md; sourceTree = "<group>"; };
		A975B85D1C625D0300277B3A /* DisclaimerViewController.h */ = {isa = PBXFileReference; fileEncoding = 4; lastKnownFileType = sourcecode.c.h; path = DisclaimerViewController.h; sourceTree = "<group>"; };
		A975B85E1C625D0300277B3A /* DisclaimerViewController.m */ = {isa = PBXFileReference; fileEncoding = 4; lastKnownFileType = sourcecode.c.objc; path = DisclaimerViewController.m; sourceTree = "<group>"; };
		A975B85F1C625D0300277B3A /* Player.storyboard */ = {isa = PBXFileReference; fileEncoding = 4; lastKnownFileType = file.storyboard; path = Player.storyboard; sourceTree = "<group>"; };
		A975B8601C625D0300277B3A /* PlayerViewController.h */ = {isa = PBXFileReference; fileEncoding = 4; lastKnownFileType = sourcecode.c.h; path = PlayerViewController.h; sourceTree = "<group>"; };
		A975B8611C625D0300277B3A /* PlayerViewController.m */ = {isa = PBXFileReference; fileEncoding = 4; lastKnownFileType = sourcecode.c.objc; path = PlayerViewController.m; sourceTree = "<group>"; };
		A98EA7F01C62672600B6DEF6 /* Launch Screen.storyboard */ = {isa = PBXFileReference; fileEncoding = 4; lastKnownFileType = file.storyboard; path = "Launch Screen.storyboard"; sourceTree = "<group>"; };
		E98E237C81DB4E6D574C404D /* libPods-FeedMediaUI_Tests.a */ = {isa = PBXFileReference; explicitFileType = archive.ar; includeInIndex = 0; path = "libPods-FeedMediaUI_Tests.a"; sourceTree = BUILT_PRODUCTS_DIR; };
		EA8DEEA07ACA63B8B2533396 /* Pods-FeedMediaUI_Example.release.xcconfig */ = {isa = PBXFileReference; includeInIndex = 1; lastKnownFileType = text.xcconfig; name = "Pods-FeedMediaUI_Example.release.xcconfig"; path = "Pods/Target Support Files/Pods-FeedMediaUI_Example/Pods-FeedMediaUI_Example.release.xcconfig"; sourceTree = "<group>"; };
		F57727B81A987815CA195170 /* README.md */ = {isa = PBXFileReference; includeInIndex = 1; lastKnownFileType = net.daringfireball.markdown; name = README.md; path = ../README.md; sourceTree = "<group>"; };
/* End PBXFileReference section */

/* Begin PBXFrameworksBuildPhase section */
		6003F587195388D20070C39A /* Frameworks */ = {
			isa = PBXFrameworksBuildPhase;
			buildActionMask = 2147483647;
			files = (
				6003F590195388D20070C39A /* CoreGraphics.framework in Frameworks */,
				6003F592195388D20070C39A /* UIKit.framework in Frameworks */,
				6003F58E195388D20070C39A /* Foundation.framework in Frameworks */,
				DAC08995361F243E37C592B3 /* libPods-FeedMediaUI_Example.a in Frameworks */,
			);
			runOnlyForDeploymentPostprocessing = 0;
		};
		6003F5AB195388D20070C39A /* Frameworks */ = {
			isa = PBXFrameworksBuildPhase;
			buildActionMask = 2147483647;
			files = (
				6003F5B0195388D20070C39A /* XCTest.framework in Frameworks */,
				6003F5B2195388D20070C39A /* UIKit.framework in Frameworks */,
				6003F5B1195388D20070C39A /* Foundation.framework in Frameworks */,
				D415C5DFB9BA70C6E929AF2A /* libPods-FeedMediaUI_Tests.a in Frameworks */,
			);
			runOnlyForDeploymentPostprocessing = 0;
		};
/* End PBXFrameworksBuildPhase section */

/* Begin PBXGroup section */
		6003F581195388D10070C39A = {
			isa = PBXGroup;
			children = (
				60FF7A9C1954A5C5007DD14C /* Podspec Metadata */,
				6003F593195388D20070C39A /* Example for FeedMediaUI */,
				6003F5B5195388D20070C39A /* Tests */,
				6003F58C195388D20070C39A /* Frameworks */,
				6003F58B195388D20070C39A /* Products */,
				ACD7337CB5AD91DB0E92AEA1 /* Pods */,
			);
			sourceTree = "<group>";
		};
		6003F58B195388D20070C39A /* Products */ = {
			isa = PBXGroup;
			children = (
				6003F58A195388D20070C39A /* FeedMediaUI_Example.app */,
				6003F5AE195388D20070C39A /* FeedMediaUI_Tests.xctest */,
			);
			name = Products;
			sourceTree = "<group>";
		};
		6003F58C195388D20070C39A /* Frameworks */ = {
			isa = PBXGroup;
			children = (
				6003F58D195388D20070C39A /* Foundation.framework */,
				6003F58F195388D20070C39A /* CoreGraphics.framework */,
				6003F591195388D20070C39A /* UIKit.framework */,
				6003F5AF195388D20070C39A /* XCTest.framework */,
				80A2D0E752FA757F55A14B56 /* libPods-FeedMediaUI_Example.a */,
				E98E237C81DB4E6D574C404D /* libPods-FeedMediaUI_Tests.a */,
			);
			name = Frameworks;
			sourceTree = "<group>";
		};
		6003F593195388D20070C39A /* Example for FeedMediaUI */ = {
			isa = PBXGroup;
			children = (
				A975B85F1C625D0300277B3A /* Player.storyboard */,
				A975B85D1C625D0300277B3A /* DisclaimerViewController.h */,
				A975B85E1C625D0300277B3A /* DisclaimerViewController.m */,
				A975B8601C625D0300277B3A /* PlayerViewController.h */,
				A975B8611C625D0300277B3A /* PlayerViewController.m */,
				6003F59C195388D20070C39A /* AppDelegate.h */,
				6003F59D195388D20070C39A /* AppDelegate.m */,
				A98EA7F01C62672600B6DEF6 /* Launch Screen.storyboard */,
				6003F5A8195388D20070C39A /* Images.xcassets */,
				6003F594195388D20070C39A /* Supporting Files */,
			);
			name = "Example for FeedMediaUI";
			path = FeedMediaUI;
			sourceTree = "<group>";
		};
		6003F594195388D20070C39A /* Supporting Files */ = {
			isa = PBXGroup;
			children = (
				6003F595195388D20070C39A /* FeedMediaUI-Info.plist */,
				6003F596195388D20070C39A /* InfoPlist.strings */,
				6003F599195388D20070C39A /* main.m */,
				6003F59B195388D20070C39A /* FeedMediaUI-Prefix.pch */,
			);
			name = "Supporting Files";
			sourceTree = "<group>";
		};
		6003F5B5195388D20070C39A /* Tests */ = {
			isa = PBXGroup;
			children = (
				6003F5BB195388D20070C39A /* Tests.m */,
				6003F5B6195388D20070C39A /* Supporting Files */,
			);
			path = Tests;
			sourceTree = "<group>";
		};
		6003F5B6195388D20070C39A /* Supporting Files */ = {
			isa = PBXGroup;
			children = (
				6003F5B7195388D20070C39A /* Tests-Info.plist */,
				6003F5B8195388D20070C39A /* InfoPlist.strings */,
				606FC2411953D9B200FFA9A0 /* Tests-Prefix.pch */,
			);
			name = "Supporting Files";
			sourceTree = "<group>";
		};
		60FF7A9C1954A5C5007DD14C /* Podspec Metadata */ = {
			isa = PBXGroup;
			children = (
				A96AAAC51C615F570059FB92 /* LICENSE.md */,
				A24F8B553E10196EB413E2E9 /* FeedMediaUI.podspec */,
				F57727B81A987815CA195170 /* README.md */,
			);
			name = "Podspec Metadata";
			sourceTree = "<group>";
		};
		ACD7337CB5AD91DB0E92AEA1 /* Pods */ = {
			isa = PBXGroup;
			children = (
				9FD243F5E3669D6DA9B92579 /* Pods-FeedMediaUI_Example.debug.xcconfig */,
				EA8DEEA07ACA63B8B2533396 /* Pods-FeedMediaUI_Example.release.xcconfig */,
				8CF99C44A50F9A671F915D99 /* Pods-FeedMediaUI_Tests.debug.xcconfig */,
				1591AF3D232EA7D699C9B974 /* Pods-FeedMediaUI_Tests.release.xcconfig */,
			);
			name = Pods;
			sourceTree = "<group>";
		};
/* End PBXGroup section */

/* Begin PBXNativeTarget section */
		6003F589195388D20070C39A /* FeedMediaUI_Example */ = {
			isa = PBXNativeTarget;
			buildConfigurationList = 6003F5BF195388D20070C39A /* Build configuration list for PBXNativeTarget "FeedMediaUI_Example" */;
			buildPhases = (
				EDA577B449F6817B2F2D0487 /* Check Pods Manifest.lock */,
				6003F586195388D20070C39A /* Sources */,
				6003F587195388D20070C39A /* Frameworks */,
				6003F588195388D20070C39A /* Resources */,
				E927ED22A8FFA525967D0FEF /* Embed Pods Frameworks */,
				F2DAF322BCE439832578A685 /* Copy Pods Resources */,
			);
			buildRules = (
			);
			dependencies = (
			);
			name = FeedMediaUI_Example;
			productName = FeedMediaUI;
			productReference = 6003F58A195388D20070C39A /* FeedMediaUI_Example.app */;
			productType = "com.apple.product-type.application";
		};
		6003F5AD195388D20070C39A /* FeedMediaUI_Tests */ = {
			isa = PBXNativeTarget;
			buildConfigurationList = 6003F5C2195388D20070C39A /* Build configuration list for PBXNativeTarget "FeedMediaUI_Tests" */;
			buildPhases = (
				286BF8D6E8CB5F33D8E5BE30 /* Check Pods Manifest.lock */,
				6003F5AA195388D20070C39A /* Sources */,
				6003F5AB195388D20070C39A /* Frameworks */,
				6003F5AC195388D20070C39A /* Resources */,
				24371BD7A73D99824736A761 /* Embed Pods Frameworks */,
				4016B4368259F398832E688E /* Copy Pods Resources */,
			);
			buildRules = (
			);
			dependencies = (
				6003F5B4195388D20070C39A /* PBXTargetDependency */,
			);
			name = FeedMediaUI_Tests;
			productName = FeedMediaUITests;
			productReference = 6003F5AE195388D20070C39A /* FeedMediaUI_Tests.xctest */;
			productType = "com.apple.product-type.bundle.unit-test";
		};
/* End PBXNativeTarget section */

/* Begin PBXProject section */
		6003F582195388D10070C39A /* Project object */ = {
			isa = PBXProject;
			attributes = {
				CLASSPREFIX = FM;
				KnownAssetTags = (
					Dependency,
				);
				LastUpgradeCheck = 0720;
				ORGANIZATIONNAME = "Eric Lambrecht";
				TargetAttributes = {
					6003F5AD195388D20070C39A = {
						TestTargetID = 6003F589195388D20070C39A;
					};
					A982F45B1C69751B0015AE5E = {
						CreatedOnToolsVersion = 7.2.1;
					};
					A982F4F51C697BEB0015AE5E = {
						CreatedOnToolsVersion = 7.2.1;
					};
				};
			};
			buildConfigurationList = 6003F585195388D10070C39A /* Build configuration list for PBXProject "FeedMediaUI" */;
			compatibilityVersion = "Xcode 3.2";
			developmentRegion = English;
			hasScannedForEncodings = 0;
			knownRegions = (
				en,
				Base,
			);
			mainGroup = 6003F581195388D10070C39A;
			productRefGroup = 6003F58B195388D20070C39A /* Products */;
			projectDirPath = "";
			projectRoot = "";
			targets = (
				6003F589195388D20070C39A /* FeedMediaUI_Example */,
				6003F5AD195388D20070C39A /* FeedMediaUI_Tests */,
				A982F45B1C69751B0015AE5E /* Populate dist folder */,
				A982F4F51C697BEB0015AE5E /* Deploy */,
			);
		};
/* End PBXProject section */

/* Begin PBXResourcesBuildPhase section */
		6003F588195388D20070C39A /* Resources */ = {
			isa = PBXResourcesBuildPhase;
			buildActionMask = 2147483647;
			files = (
				A975B8631C625D0300277B3A /* Player.storyboard in Resources */,
				6003F5A9195388D20070C39A /* Images.xcassets in Resources */,
				A98EA7F11C62672600B6DEF6 /* Launch Screen.storyboard in Resources */,
				6003F598195388D20070C39A /* InfoPlist.strings in Resources */,
			);
			runOnlyForDeploymentPostprocessing = 0;
		};
		6003F5AC195388D20070C39A /* Resources */ = {
			isa = PBXResourcesBuildPhase;
			buildActionMask = 2147483647;
			files = (
				6003F5BA195388D20070C39A /* InfoPlist.strings in Resources */,
			);
			runOnlyForDeploymentPostprocessing = 0;
		};
/* End PBXResourcesBuildPhase section */

/* Begin PBXShellScriptBuildPhase section */
		24371BD7A73D99824736A761 /* Embed Pods Frameworks */ = {
			isa = PBXShellScriptBuildPhase;
			buildActionMask = 2147483647;
			files = (
			);
			inputPaths = (
			);
			name = "Embed Pods Frameworks";
			outputPaths = (
			);
			runOnlyForDeploymentPostprocessing = 0;
			shellPath = /bin/sh;
			shellScript = "\"${SRCROOT}/Pods/Target Support Files/Pods-FeedMediaUI_Tests/Pods-FeedMediaUI_Tests-frameworks.sh\"\n";
			showEnvVarsInLog = 0;
		};
		286BF8D6E8CB5F33D8E5BE30 /* Check Pods Manifest.lock */ = {
			isa = PBXShellScriptBuildPhase;
			buildActionMask = 2147483647;
			files = (
			);
			inputPaths = (
			);
			name = "Check Pods Manifest.lock";
			outputPaths = (
			);
			runOnlyForDeploymentPostprocessing = 0;
			shellPath = /bin/sh;
			shellScript = "diff \"${PODS_ROOT}/../Podfile.lock\" \"${PODS_ROOT}/Manifest.lock\" > /dev/null\nif [[ $? != 0 ]] ; then\n    cat << EOM\nerror: The sandbox is not in sync with the Podfile.lock. Run 'pod install' or update your CocoaPods installation.\nEOM\n    exit 1\nfi\n";
			showEnvVarsInLog = 0;
		};
		4016B4368259F398832E688E /* Copy Pods Resources */ = {
			isa = PBXShellScriptBuildPhase;
			buildActionMask = 2147483647;
			files = (
			);
			inputPaths = (
			);
			name = "Copy Pods Resources";
			outputPaths = (
			);
			runOnlyForDeploymentPostprocessing = 0;
			shellPath = /bin/sh;
			shellScript = "\"${SRCROOT}/Pods/Target Support Files/Pods-FeedMediaUI_Tests/Pods-FeedMediaUI_Tests-resources.sh\"\n";
			showEnvVarsInLog = 0;
		};
		A982F4611C69753E0015AE5E /* Create distribution zip */ = {
			isa = PBXShellScriptBuildPhase;
			buildActionMask = 2147483647;
			files = (
			);
			inputPaths = (
			);
			name = "Create distribution zip";
			outputPaths = (
			);
			runOnlyForDeploymentPostprocessing = 0;
			shellPath = /bin/sh;
			shellScript = "\nset -e\n\n# If we're already inside this script then die\nif [ -n \"$MULTIPLATFORM_DIST_IN_PROGRESS\" ]; then\nexit 0\nfi\nexport MULTIPLATFORM_DIST_IN_PROGRESS=1\n\nPOD_DIR=\"${PROJECT_DIR}/../Pod\";\n\n#\n# package the FeedMedia Pod up into a .framework\n#\n\nexport FRAMEWORK_LOCN=\"${BUILT_PRODUCTS_DIR}/FeedMedia.framework\"\n\nrm -fr \"${FRAMEWORK_LOCN}\"\n\n# Create the path to the real Headers die\nmkdir -p \"${FRAMEWORK_LOCN}/Versions/A/Headers\"\n\n# Create the required symlinks\n/bin/ln -sfh A \"${FRAMEWORK_LOCN}/Versions/Current\"\n/bin/ln -sfh Versions/Current/Headers \"${FRAMEWORK_LOCN}/Headers\"\n/bin/ln -sfh Versions/Current/FeedMedia \"${FRAMEWORK_LOCN}/FeedMedia\"\n\n# Copy the public headers into the framework\nFEEDMEDIA_LOCN=\"${PROJECT_DIR}/Pods/FeedMedia\"\n/bin/cp -a \"${FEEDMEDIA_LOCN}/Headers/\" \"${FRAMEWORK_LOCN}/Versions/A/Headers\"\n\n#\n# Package everything up into a .zip\n#\n\n# pick the release version out of the header file\nVERSION=`cat \"${POD_DIR}/Classes/FeedMediaUI.h\" | perl -n -e '/#define FEED_MEDIA_UI_VERSION @\"(.*)\"/ && print $1;'`\nDIST_FILENAME=FeedMediaUI-iOS-${VERSION}.zip\n\nDIST_LOCN=\"${PROJECT_DIR}/../dist\"\n\n# empty and recreate dist dir\nrm -fr \"${DIST_LOCN}\"\nmkdir \"${DIST_LOCN}\"\n\nZIP_LOCN=\"${DIST_LOCN}/${DIST_FILENAME}\"\n\n# create zip file out of source code\ncd \"${POD_DIR}/Classes\"\nzip -r --symlinks \"${ZIP_LOCN}\" * -x \\*.gitkeep \\*.DS_Store\n\n# add in assets\ncd \"${POD_DIR}\"\nzip -r --symlinks \"${ZIP_LOCN}\" Assets -x \\*.gitkeep \\*.DS_Store\n\n# add in the FeedMedia.framework that we just built\ncd \"${BUILT_PRODUCTS_DIR}\"\nzip -r --symlinks \"${ZIP_LOCN}\" FeedMedia.framework -x \\*.gitkeep \\*.DS_Store\n\n# add in the MarqueeLabel code\nMARQUEELABEL_LOCN=\"${PROJECT_DIR}/Pods/MarqueeLabel\"\n\ncd \"${MARQUEELABEL_LOCN}\"\nzip -r -j --symlinks \"${ZIP_LOCN}\" MarqueeLabel.*\n\n# add in MarqueeLabel license\nMARQUEE_LICENSE=\"${BUILT_PRODUCTS_DIR}/LICENSE.marqueelabel\"\n\ncp \"${MARQUEELABEL_LOCN}/LICENSE\" \"${MARQUEE_LICENSE}\"\nzip -r -j --symlinks \"${ZIP_LOCN}\" \"${MARQUEE_LICENSE}\"\n\n# add in our license\nzip -r -j \"${ZIP_LOCN}\" \"${PROJECT_DIR}/../LICENSE.md\"\n\n";
		};
		A982F4FB1C697BF60015AE5E /* Copy release .zip to web server */ = {
			isa = PBXShellScriptBuildPhase;
			buildActionMask = 2147483647;
			files = (
			);
			inputPaths = (
			);
			name = "Copy release .zip to web server";
			outputPaths = (
			);
			runOnlyForDeploymentPostprocessing = 0;
			shellPath = /bin/sh;
			shellScript = "#!/bin/bash\n\nPOD_DIR=\"${PROJECT_DIR}/../Pod\";\n\n# pick the release version out of the header file\nVERSION=`cat \"${POD_DIR}/Classes/FeedMediaUI.h\" | perl -n -e '/#define FEED_MEDIA_UI_VERSION @\"(.*)\"/ && print $1;'`\nDIST_FILENAME=FeedMediaUI-iOS-${VERSION}.zip\n\nDIST_LOCN=\"${PROJECT_DIR}/../dist\"\n\necho Deploying ${DIST_FILENAME}\n\nscp \"${DIST_LOCN}/${DIST_FILENAME}\" feed@static0:/home/feed/demo.feed.fm/sdk\n";
		};
		A982F4FC1C697C730015AE5E /* Deploy cocoapod */ = {
			isa = PBXShellScriptBuildPhase;
			buildActionMask = 2147483647;
			files = (
			);
			inputPaths = (
			);
			name = "Deploy cocoapod";
			outputPaths = (
			);
			runOnlyForDeploymentPostprocessing = 0;
			shellPath = /bin/sh;
			shellScript = "cd \"${PROJECT_DIR}/..\"\n\npod --verbose --use-libraries trunk push\n\n";
		};
		A982F4FD1C697E430015AE5E /* Make sure things are checked in and tagged */ = {
			isa = PBXShellScriptBuildPhase;
			buildActionMask = 2147483647;
			files = (
			);
			inputPaths = (
			);
			name = "Make sure things are checked in and tagged";
			outputPaths = (
			);
			runOnlyForDeploymentPostprocessing = 0;
			shellPath = /bin/sh;
			shellScript = "# confirm everything is checked in\ncd \"${PROJECT_DIR}\"\n\nSTATUS=$(git status --porcelain 2> /dev/null)\nif [[ \"$STATUS\" != \"\" ]]; then\n  echo 'Code not checked in - unable to deploy!'\n  exit 1\nfi\n\n# pick the release version out of the header file\nPOD_DIR=\"${PROJECT_DIR}/../Pod\";\nVERSION=`cat \"${POD_DIR}/Classes/FeedMediaUI.h\" | perl -n -e '/#define FEED_MEDIA_UI_VERSION @\"(.*)\"/ && print $1;'`\n\n# confirm the release version is in the cocoapod spec\n\nSPEC=`grep \"version\\\\s*=\\\\s*\\\"${VERSION}\\\"\" \"${PROJECT_DIR}/../FeedMediaUI.podspec\"`\nif [[ $SPEC = \"\" ]]; then\n  echo \"Version in podspec does not match version in FeedMediaUI.h\n  exit 1\"\nfi\n\n# confirm the release version is in the CHANGELOG\n\nCHANGE=`grep \"v${VERSION}\" \"${PROJECT_DIR}/../CHANGELOG.md\"`\nif [[ $CHANGE = \"\" ]]; then\n  echo \"This release version (${VERSION}) has no entry in the CHANGELOG\"\n  exit 1\nfi\n\n# create release tag\n\nTAG=$(git tag | grep \"v${VERSION}\")\n\nif [[ \"$TAG\" != \"\" ]]; then\n  echo \"Code already tagged - you must create a new version\"\n  exit 1\nfi\n\ngit tag  -a -m \"Release of version ${VERSION}\" \"v${VERSION}\"\n\ngit push\ngit push --tags\n\n";
		};
		A982F4FE1C6982700015AE5E /* Make sure podspec version is up to date */ = {
			isa = PBXShellScriptBuildPhase;
			buildActionMask = 2147483647;
			files = (
			);
			inputPaths = (
			);
			name = "Make sure podspec version is up to date";
			outputPaths = (
			);
			runOnlyForDeploymentPostprocessing = 0;
			shellPath = /bin/sh;
			shellScript = "POD_DIR=\"${PROJECT_DIR}/../Pod\";\n\n# pick the release version out of the header file\nVERSION=`cat \"${POD_DIR}/Classes/FeedMediaUI.h\" | perl -n -e '/#define FEED_MEDIA_UI_VERSION @\"(.*)\"/ && print $1;'`\n\nperl -pi -e \"s/s.version(\\\\s*)=(\\\\s*)\\\"[^\\\"]+\\\"/s.version\\$1=\\$2\\\"${VERSION}\\\"/;\" ${PROJECT_DIR}/../FeedMediaUI.podspec\n\n";
		};
		E927ED22A8FFA525967D0FEF /* Embed Pods Frameworks */ = {
			isa = PBXShellScriptBuildPhase;
			buildActionMask = 2147483647;
			files = (
			);
			inputPaths = (
			);
			name = "Embed Pods Frameworks";
			outputPaths = (
			);
			runOnlyForDeploymentPostprocessing = 0;
			shellPath = /bin/sh;
			shellScript = "\"${SRCROOT}/Pods/Target Support Files/Pods-FeedMediaUI_Example/Pods-FeedMediaUI_Example-frameworks.sh\"\n";
			showEnvVarsInLog = 0;
		};
		EDA577B449F6817B2F2D0487 /* Check Pods Manifest.lock */ = {
			isa = PBXShellScriptBuildPhase;
			buildActionMask = 2147483647;
			files = (
			);
			inputPaths = (
			);
			name = "Check Pods Manifest.lock";
			outputPaths = (
			);
			runOnlyForDeploymentPostprocessing = 0;
			shellPath = /bin/sh;
			shellScript = "diff \"${PODS_ROOT}/../Podfile.lock\" \"${PODS_ROOT}/Manifest.lock\" > /dev/null\nif [[ $? != 0 ]] ; then\n    cat << EOM\nerror: The sandbox is not in sync with the Podfile.lock. Run 'pod install' or update your CocoaPods installation.\nEOM\n    exit 1\nfi\n";
			showEnvVarsInLog = 0;
		};
		F2DAF322BCE439832578A685 /* Copy Pods Resources */ = {
			isa = PBXShellScriptBuildPhase;
			buildActionMask = 2147483647;
			files = (
			);
			inputPaths = (
			);
			name = "Copy Pods Resources";
			outputPaths = (
			);
			runOnlyForDeploymentPostprocessing = 0;
			shellPath = /bin/sh;
			shellScript = "\"${SRCROOT}/Pods/Target Support Files/Pods-FeedMediaUI_Example/Pods-FeedMediaUI_Example-resources.sh\"\n";
			showEnvVarsInLog = 0;
		};
/* End PBXShellScriptBuildPhase section */

/* Begin PBXSourcesBuildPhase section */
		6003F586195388D20070C39A /* Sources */ = {
			isa = PBXSourcesBuildPhase;
			buildActionMask = 2147483647;
			files = (
				A96AAAC61C615F570059FB92 /* LICENSE.md in Sources */,
				A975B8621C625D0300277B3A /* DisclaimerViewController.m in Sources */,
				6003F59E195388D20070C39A /* AppDelegate.m in Sources */,
				6003F59A195388D20070C39A /* main.m in Sources */,
				A975B8641C625D0300277B3A /* PlayerViewController.m in Sources */,
			);
			runOnlyForDeploymentPostprocessing = 0;
		};
		6003F5AA195388D20070C39A /* Sources */ = {
			isa = PBXSourcesBuildPhase;
			buildActionMask = 2147483647;
			files = (
				6003F5BC195388D20070C39A /* Tests.m in Sources */,
			);
			runOnlyForDeploymentPostprocessing = 0;
		};
/* End PBXSourcesBuildPhase section */

/* Begin PBXTargetDependency section */
		6003F5B4195388D20070C39A /* PBXTargetDependency */ = {
			isa = PBXTargetDependency;
			target = 6003F589195388D20070C39A /* FeedMediaUI_Example */;
			targetProxy = 6003F5B3195388D20070C39A /* PBXContainerItemProxy */;
		};
		A982F4601C69753B0015AE5E /* PBXTargetDependency */ = {
			isa = PBXTargetDependency;
			target = 6003F589195388D20070C39A /* FeedMediaUI_Example */;
			targetProxy = A982F45F1C69753B0015AE5E /* PBXContainerItemProxy */;
		};
		A982F4FA1C697BF10015AE5E /* PBXTargetDependency */ = {
			isa = PBXTargetDependency;
			target = A982F45B1C69751B0015AE5E /* Populate dist folder */;
			targetProxy = A982F4F91C697BF10015AE5E /* PBXContainerItemProxy */;
		};
/* End PBXTargetDependency section */

/* Begin PBXVariantGroup section */
		6003F596195388D20070C39A /* InfoPlist.strings */ = {
			isa = PBXVariantGroup;
			children = (
				6003F597195388D20070C39A /* en */,
			);
			name = InfoPlist.strings;
			sourceTree = "<group>";
		};
		6003F5B8195388D20070C39A /* InfoPlist.strings */ = {
			isa = PBXVariantGroup;
			children = (
				6003F5B9195388D20070C39A /* en */,
			);
			name = InfoPlist.strings;
			sourceTree = "<group>";
		};
/* End PBXVariantGroup section */

/* Begin XCBuildConfiguration section */
		6003F5BD195388D20070C39A /* Debug */ = {
			isa = XCBuildConfiguration;
			buildSettings = {
				ALWAYS_SEARCH_USER_PATHS = NO;
				CLANG_CXX_LANGUAGE_STANDARD = "gnu++0x";
				CLANG_CXX_LIBRARY = "libc++";
				CLANG_ENABLE_MODULES = YES;
				CLANG_ENABLE_OBJC_ARC = YES;
				CLANG_WARN_BOOL_CONVERSION = YES;
				CLANG_WARN_CONSTANT_CONVERSION = YES;
				CLANG_WARN_DIRECT_OBJC_ISA_USAGE = YES_ERROR;
				CLANG_WARN_EMPTY_BODY = YES;
				CLANG_WARN_ENUM_CONVERSION = YES;
				CLANG_WARN_INT_CONVERSION = YES;
				CLANG_WARN_OBJC_ROOT_CLASS = YES_ERROR;
				CLANG_WARN__DUPLICATE_METHOD_MATCH = YES;
				"CODE_SIGN_IDENTITY[sdk=iphoneos*]" = "iPhone Developer";
				COPY_PHASE_STRIP = NO;
				ENABLE_TESTABILITY = YES;
				GCC_C_LANGUAGE_STANDARD = gnu99;
				GCC_DYNAMIC_NO_PIC = NO;
				GCC_OPTIMIZATION_LEVEL = 0;
				GCC_PREPROCESSOR_DEFINITIONS = (
					"DEBUG=1",
					"$(inherited)",
				);
				GCC_SYMBOLS_PRIVATE_EXTERN = NO;
				GCC_WARN_64_TO_32_BIT_CONVERSION = YES;
				GCC_WARN_ABOUT_RETURN_TYPE = YES_ERROR;
				GCC_WARN_UNDECLARED_SELECTOR = YES;
				GCC_WARN_UNINITIALIZED_AUTOS = YES_AGGRESSIVE;
				GCC_WARN_UNUSED_FUNCTION = YES;
				GCC_WARN_UNUSED_VARIABLE = YES;
				IPHONEOS_DEPLOYMENT_TARGET = 7.1;
				ONLY_ACTIVE_ARCH = YES;
				SDKROOT = iphoneos;
				TARGETED_DEVICE_FAMILY = "1,2";
			};
			name = Debug;
		};
		6003F5BE195388D20070C39A /* Release */ = {
			isa = XCBuildConfiguration;
			buildSettings = {
				ALWAYS_SEARCH_USER_PATHS = NO;
				CLANG_CXX_LANGUAGE_STANDARD = "gnu++0x";
				CLANG_CXX_LIBRARY = "libc++";
				CLANG_ENABLE_MODULES = YES;
				CLANG_ENABLE_OBJC_ARC = YES;
				CLANG_WARN_BOOL_CONVERSION = YES;
				CLANG_WARN_CONSTANT_CONVERSION = YES;
				CLANG_WARN_DIRECT_OBJC_ISA_USAGE = YES_ERROR;
				CLANG_WARN_EMPTY_BODY = YES;
				CLANG_WARN_ENUM_CONVERSION = YES;
				CLANG_WARN_INT_CONVERSION = YES;
				CLANG_WARN_OBJC_ROOT_CLASS = YES_ERROR;
				CLANG_WARN__DUPLICATE_METHOD_MATCH = YES;
				"CODE_SIGN_IDENTITY[sdk=iphoneos*]" = "iPhone Developer";
				COPY_PHASE_STRIP = YES;
				ENABLE_NS_ASSERTIONS = NO;
				GCC_C_LANGUAGE_STANDARD = gnu99;
				GCC_WARN_64_TO_32_BIT_CONVERSION = YES;
				GCC_WARN_ABOUT_RETURN_TYPE = YES_ERROR;
				GCC_WARN_UNDECLARED_SELECTOR = YES;
				GCC_WARN_UNINITIALIZED_AUTOS = YES_AGGRESSIVE;
				GCC_WARN_UNUSED_FUNCTION = YES;
				GCC_WARN_UNUSED_VARIABLE = YES;
				IPHONEOS_DEPLOYMENT_TARGET = 7.1;
				SDKROOT = iphoneos;
				TARGETED_DEVICE_FAMILY = "1,2";
				VALIDATE_PRODUCT = YES;
			};
			name = Release;
		};
		6003F5C0195388D20070C39A /* Debug */ = {
			isa = XCBuildConfiguration;
			baseConfigurationReference = 9FD243F5E3669D6DA9B92579 /* Pods-FeedMediaUI_Example.debug.xcconfig */;
			buildSettings = {
				ASSETCATALOG_COMPILER_APPICON_NAME = AppIcon;
				ASSETCATALOG_COMPILER_LAUNCHIMAGE_NAME = LaunchImage;
				GCC_PRECOMPILE_PREFIX_HEADER = YES;
				GCC_PREFIX_HEADER = "FeedMediaUI/FeedMediaUI-Prefix.pch";
				INFOPLIST_FILE = "FeedMediaUI/FeedMediaUI-Info.plist";
				MODULE_NAME = ExampleApp;
				PRODUCT_BUNDLE_IDENTIFIER = "org.cocoapods.demo.${PRODUCT_NAME:rfc1034identifier}";
				PRODUCT_NAME = "$(TARGET_NAME)";
				WRAPPER_EXTENSION = app;
			};
			name = Debug;
		};
		6003F5C1195388D20070C39A /* Release */ = {
			isa = XCBuildConfiguration;
			baseConfigurationReference = EA8DEEA07ACA63B8B2533396 /* Pods-FeedMediaUI_Example.release.xcconfig */;
			buildSettings = {
				ASSETCATALOG_COMPILER_APPICON_NAME = AppIcon;
				ASSETCATALOG_COMPILER_LAUNCHIMAGE_NAME = LaunchImage;
				GCC_PRECOMPILE_PREFIX_HEADER = YES;
				GCC_PREFIX_HEADER = "FeedMediaUI/FeedMediaUI-Prefix.pch";
				INFOPLIST_FILE = "FeedMediaUI/FeedMediaUI-Info.plist";
				MODULE_NAME = ExampleApp;
				PRODUCT_BUNDLE_IDENTIFIER = "org.cocoapods.demo.${PRODUCT_NAME:rfc1034identifier}";
				PRODUCT_NAME = "$(TARGET_NAME)";
				WRAPPER_EXTENSION = app;
			};
			name = Release;
		};
		6003F5C3195388D20070C39A /* Debug */ = {
			isa = XCBuildConfiguration;
			baseConfigurationReference = 8CF99C44A50F9A671F915D99 /* Pods-FeedMediaUI_Tests.debug.xcconfig */;
			buildSettings = {
				BUNDLE_LOADER = "$(TEST_HOST)";
				FRAMEWORK_SEARCH_PATHS = (
					"$(SDKROOT)/Developer/Library/Frameworks",
					"$(inherited)",
					"$(DEVELOPER_FRAMEWORKS_DIR)",
				);
				GCC_PRECOMPILE_PREFIX_HEADER = YES;
				GCC_PREFIX_HEADER = "Tests/Tests-Prefix.pch";
				GCC_PREPROCESSOR_DEFINITIONS = (
					"DEBUG=1",
					"$(inherited)",
				);
				INFOPLIST_FILE = "Tests/Tests-Info.plist";
				PRODUCT_BUNDLE_IDENTIFIER = "org.cocoapods.demo.${PRODUCT_NAME:rfc1034identifier}";
				PRODUCT_NAME = "$(TARGET_NAME)";
				TEST_HOST = "$(BUILT_PRODUCTS_DIR)/FeedMediaUI_Example.app/FeedMediaUI_Example";
				WRAPPER_EXTENSION = xctest;
			};
			name = Debug;
		};
		6003F5C4195388D20070C39A /* Release */ = {
			isa = XCBuildConfiguration;
			baseConfigurationReference = 1591AF3D232EA7D699C9B974 /* Pods-FeedMediaUI_Tests.release.xcconfig */;
			buildSettings = {
				BUNDLE_LOADER = "$(TEST_HOST)";
				FRAMEWORK_SEARCH_PATHS = (
					"$(SDKROOT)/Developer/Library/Frameworks",
					"$(inherited)",
					"$(DEVELOPER_FRAMEWORKS_DIR)",
				);
				GCC_PRECOMPILE_PREFIX_HEADER = YES;
				GCC_PREFIX_HEADER = "Tests/Tests-Prefix.pch";
				INFOPLIST_FILE = "Tests/Tests-Info.plist";
				PRODUCT_BUNDLE_IDENTIFIER = "org.cocoapods.demo.${PRODUCT_NAME:rfc1034identifier}";
				PRODUCT_NAME = "$(TARGET_NAME)";
				TEST_HOST = "$(BUILT_PRODUCTS_DIR)/FeedMediaUI_Example.app/FeedMediaUI_Example";
				WRAPPER_EXTENSION = xctest;
			};
			name = Release;
		};
		A982F45D1C69751B0015AE5E /* Debug */ = {
			isa = XCBuildConfiguration;
			buildSettings = {
				PRODUCT_NAME = "$(TARGET_NAME)";
			};
			name = Debug;
		};
		A982F45E1C69751B0015AE5E /* Release */ = {
			isa = XCBuildConfiguration;
			buildSettings = {
				PRODUCT_NAME = "$(TARGET_NAME)";
			};
			name = Release;
		};
		A982F4F71C697BEB0015AE5E /* Debug */ = {
			isa = XCBuildConfiguration;
			buildSettings = {
				PRODUCT_NAME = "$(TARGET_NAME)";
			};
			name = Debug;
		};
		A982F4F81C697BEB0015AE5E /* Release */ = {
			isa = XCBuildConfiguration;
			buildSettings = {
				PRODUCT_NAME = "$(TARGET_NAME)";
			};
			name = Release;
		};
/* End XCBuildConfiguration section */

/* Begin XCConfigurationList section */
		6003F585195388D10070C39A /* Build configuration list for PBXProject "FeedMediaUI" */ = {
			isa = XCConfigurationList;
			buildConfigurations = (
				6003F5BD195388D20070C39A /* Debug */,
				6003F5BE195388D20070C39A /* Release */,
			);
			defaultConfigurationIsVisible = 0;
			defaultConfigurationName = Release;
		};
		6003F5BF195388D20070C39A /* Build configuration list for PBXNativeTarget "FeedMediaUI_Example" */ = {
			isa = XCConfigurationList;
			buildConfigurations = (
				6003F5C0195388D20070C39A /* Debug */,
				6003F5C1195388D20070C39A /* Release */,
			);
			defaultConfigurationIsVisible = 0;
			defaultConfigurationName = Release;
		};
		6003F5C2195388D20070C39A /* Build configuration list for PBXNativeTarget "FeedMediaUI_Tests" */ = {
			isa = XCConfigurationList;
			buildConfigurations = (
				6003F5C3195388D20070C39A /* Debug */,
				6003F5C4195388D20070C39A /* Release */,
			);
			defaultConfigurationIsVisible = 0;
			defaultConfigurationName = Release;
		};
		A982F45C1C69751B0015AE5E /* Build configuration list for PBXAggregateTarget "Populate dist folder" */ = {
			isa = XCConfigurationList;
			buildConfigurations = (
				A982F45D1C69751B0015AE5E /* Debug */,
				A982F45E1C69751B0015AE5E /* Release */,
			);
			defaultConfigurationIsVisible = 0;
			defaultConfigurationName = Release;
		};
		A982F4F61C697BEB0015AE5E /* Build configuration list for PBXAggregateTarget "Deploy" */ = {
			isa = XCConfigurationList;
			buildConfigurations = (
				A982F4F71C697BEB0015AE5E /* Debug */,
				A982F4F81C697BEB0015AE5E /* Release */,
			);
			defaultConfigurationIsVisible = 0;
			defaultConfigurationName = Release;
		};
/* End XCConfigurationList section */
	};
	rootObject = 6003F582195388D10070C39A /* Project object */;
}
