// !$*UTF8*$!
{
	archiveVersion = 1;
	classes = {
	};
	objectVersion = 46;
	objects = {

/* Begin PBXAggregateTarget section */
		A906947E1D9D9FEF0032D987 /* validate pod */ = {
			isa = PBXAggregateTarget;
			buildConfigurationList = A90694811D9D9FEF0032D987 /* Build configuration list for PBXAggregateTarget "validate pod" */;
			buildPhases = (
				A90694831D9DA27A0032D987 /* Lint pod */,
			);
			dependencies = (
			);
			name = "validate pod";
			productName = "validate pod";
		};
		A90694841D9DA8910032D987 /* publish pod */ = {
			isa = PBXAggregateTarget;
			buildConfigurationList = A90694851D9DA8910032D987 /* Build configuration list for PBXAggregateTarget "publish pod" */;
			buildPhases = (
				A90694881D9DA89C0032D987 /* tag pod */,
				A906948F1D9DBE060032D987 /* deploy pod */,
				A906948E1D9DBDE60032D987 /* deploy documentation */,
			);
			dependencies = (
				A90694931D9DBE9B0032D987 /* PBXTargetDependency */,
				A90694911D9DBE5F0032D987 /* PBXTargetDependency */,
			);
			name = "publish pod";
			productName = "public pod";
		};
		A90694891D9DA9410032D987 /* generate appledoc */ = {
			isa = PBXAggregateTarget;
			buildConfigurationList = A906948A1D9DA9410032D987 /* Build configuration list for PBXAggregateTarget "generate appledoc" */;
			buildPhases = (
				A906948D1D9DA94F0032D987 /* run appledoc command */,
			);
			dependencies = (
			);
			name = "generate appledoc";
			productName = "generate appledoc";
		};
/* End PBXAggregateTarget section */

/* Begin PBXBuildFile section */
		7950A7BBB0F5A8F1B1178D65 /* libPods-FeedMedia.a in Frameworks */ = {isa = PBXBuildFile; fileRef = AFB68EC70C194B25BB922FF3 /* libPods-FeedMedia.a */; };
		A90694321D9C86BB0032D987 /* main.m in Sources */ = {isa = PBXBuildFile; fileRef = A90694311D9C86BB0032D987 /* main.m */; };
		A906943D1D9C86BB0032D987 /* Assets.xcassets in Resources */ = {isa = PBXBuildFile; fileRef = A906943C1D9C86BB0032D987 /* Assets.xcassets */; };
		A906944B1D9C86BB0032D987 /* FeedMediaTests.m in Sources */ = {isa = PBXBuildFile; fileRef = A906944A1D9C86BB0032D987 /* FeedMediaTests.m */; };
		A90694561D9C86BB0032D987 /* FeedMediaUITests.m in Sources */ = {isa = PBXBuildFile; fileRef = A90694551D9C86BB0032D987 /* FeedMediaUITests.m */; };
		A90694641D9C8E990032D987 /* AppDelegate.m in Sources */ = {isa = PBXBuildFile; fileRef = A90694631D9C8E990032D987 /* AppDelegate.m */; };
		A90694661D9C8F020032D987 /* Launch Screen.storyboard in Resources */ = {isa = PBXBuildFile; fileRef = A90694651D9C8F020032D987 /* Launch Screen.storyboard */; };
		A906946B1D9C8F130032D987 /* DisclaimerViewController.m in Sources */ = {isa = PBXBuildFile; fileRef = A90694681D9C8F130032D987 /* DisclaimerViewController.m */; };
		A906946C1D9C8F130032D987 /* PlayerViewController.m in Sources */ = {isa = PBXBuildFile; fileRef = A906946A1D9C8F130032D987 /* PlayerViewController.m */; };
		A906946E1D9C8F480032D987 /* Player.storyboard in Resources */ = {isa = PBXBuildFile; fileRef = A906946D1D9C8F480032D987 /* Player.storyboard */; };
/* End PBXBuildFile section */

/* Begin PBXContainerItemProxy section */
		A90694471D9C86BB0032D987 /* PBXContainerItemProxy */ = {
			isa = PBXContainerItemProxy;
			containerPortal = A90694251D9C86BA0032D987 /* Project object */;
			proxyType = 1;
			remoteGlobalIDString = A906942C1D9C86BB0032D987;
			remoteInfo = FeedMedia;
		};
		A90694521D9C86BB0032D987 /* PBXContainerItemProxy */ = {
			isa = PBXContainerItemProxy;
			containerPortal = A90694251D9C86BA0032D987 /* Project object */;
			proxyType = 1;
			remoteGlobalIDString = A906942C1D9C86BB0032D987;
			remoteInfo = FeedMedia;
		};
		A90694901D9DBE5F0032D987 /* PBXContainerItemProxy */ = {
			isa = PBXContainerItemProxy;
			containerPortal = A90694251D9C86BA0032D987 /* Project object */;
			proxyType = 1;
			remoteGlobalIDString = A90694891D9DA9410032D987;
			remoteInfo = "generate appledoc";
		};
		A90694921D9DBE9B0032D987 /* PBXContainerItemProxy */ = {
			isa = PBXContainerItemProxy;
			containerPortal = A90694251D9C86BA0032D987 /* Project object */;
			proxyType = 1;
			remoteGlobalIDString = A906947E1D9D9FEF0032D987;
			remoteInfo = "validate pod";
		};
/* End PBXContainerItemProxy section */

/* Begin PBXFileReference section */
		24F3B66533C1C985F5979EB4 /* Pods-FeedMedia.release.xcconfig */ = {isa = PBXFileReference; includeInIndex = 1; lastKnownFileType = text.xcconfig; name = "Pods-FeedMedia.release.xcconfig"; path = "Pods/Target Support Files/Pods-FeedMedia/Pods-FeedMedia.release.xcconfig"; sourceTree = "<group>"; };
		68033A86D7A121E0A3E9CFC6 /* Pods-FeedMedia.debug.xcconfig */ = {isa = PBXFileReference; includeInIndex = 1; lastKnownFileType = text.xcconfig; name = "Pods-FeedMedia.debug.xcconfig"; path = "Pods/Target Support Files/Pods-FeedMedia/Pods-FeedMedia.debug.xcconfig"; sourceTree = "<group>"; };
		A906942D1D9C86BB0032D987 /* FeedMedia.app */ = {isa = PBXFileReference; explicitFileType = wrapper.application; includeInIndex = 0; path = FeedMedia.app; sourceTree = BUILT_PRODUCTS_DIR; };
		A90694311D9C86BB0032D987 /* main.m */ = {isa = PBXFileReference; lastKnownFileType = sourcecode.c.objc; path = main.m; sourceTree = "<group>"; };
		A90694331D9C86BB0032D987 /* AppDelegate.h */ = {isa = PBXFileReference; lastKnownFileType = sourcecode.c.h; path = AppDelegate.h; sourceTree = "<group>"; };
		A906943C1D9C86BB0032D987 /* Assets.xcassets */ = {isa = PBXFileReference; lastKnownFileType = folder.assetcatalog; path = Assets.xcassets; sourceTree = "<group>"; };
		A90694411D9C86BB0032D987 /* Info.plist */ = {isa = PBXFileReference; lastKnownFileType = text.plist.xml; path = Info.plist; sourceTree = "<group>"; };
		A90694461D9C86BB0032D987 /* FeedMediaTests.xctest */ = {isa = PBXFileReference; explicitFileType = wrapper.cfbundle; includeInIndex = 0; path = FeedMediaTests.xctest; sourceTree = BUILT_PRODUCTS_DIR; };
		A906944A1D9C86BB0032D987 /* FeedMediaTests.m */ = {isa = PBXFileReference; lastKnownFileType = sourcecode.c.objc; path = FeedMediaTests.m; sourceTree = "<group>"; };
		A906944C1D9C86BB0032D987 /* Info.plist */ = {isa = PBXFileReference; lastKnownFileType = text.plist.xml; path = Info.plist; sourceTree = "<group>"; };
		A90694511D9C86BB0032D987 /* FeedMediaUITests.xctest */ = {isa = PBXFileReference; explicitFileType = wrapper.cfbundle; includeInIndex = 0; path = FeedMediaUITests.xctest; sourceTree = BUILT_PRODUCTS_DIR; };
		A90694551D9C86BB0032D987 /* FeedMediaUITests.m */ = {isa = PBXFileReference; lastKnownFileType = sourcecode.c.objc; path = FeedMediaUITests.m; sourceTree = "<group>"; };
		A90694571D9C86BB0032D987 /* Info.plist */ = {isa = PBXFileReference; lastKnownFileType = text.plist.xml; path = Info.plist; sourceTree = "<group>"; };
		A90694631D9C8E990032D987 /* AppDelegate.m */ = {isa = PBXFileReference; fileEncoding = 4; lastKnownFileType = sourcecode.c.objc; path = AppDelegate.m; sourceTree = "<group>"; };
		A90694651D9C8F020032D987 /* Launch Screen.storyboard */ = {isa = PBXFileReference; fileEncoding = 4; lastKnownFileType = file.storyboard; path = "Launch Screen.storyboard"; sourceTree = "<group>"; };
		A90694671D9C8F130032D987 /* DisclaimerViewController.h */ = {isa = PBXFileReference; fileEncoding = 4; lastKnownFileType = sourcecode.c.h; path = DisclaimerViewController.h; sourceTree = "<group>"; };
		A90694681D9C8F130032D987 /* DisclaimerViewController.m */ = {isa = PBXFileReference; fileEncoding = 4; lastKnownFileType = sourcecode.c.objc; path = DisclaimerViewController.m; sourceTree = "<group>"; };
		A90694691D9C8F130032D987 /* PlayerViewController.h */ = {isa = PBXFileReference; fileEncoding = 4; lastKnownFileType = sourcecode.c.h; path = PlayerViewController.h; sourceTree = "<group>"; };
		A906946A1D9C8F130032D987 /* PlayerViewController.m */ = {isa = PBXFileReference; fileEncoding = 4; lastKnownFileType = sourcecode.c.objc; path = PlayerViewController.m; sourceTree = "<group>"; };
		A906946D1D9C8F480032D987 /* Player.storyboard */ = {isa = PBXFileReference; fileEncoding = 4; lastKnownFileType = file.storyboard; path = Player.storyboard; sourceTree = "<group>"; };
		AFB68EC70C194B25BB922FF3 /* libPods-FeedMedia.a */ = {isa = PBXFileReference; explicitFileType = archive.ar; includeInIndex = 0; path = "libPods-FeedMedia.a"; sourceTree = BUILT_PRODUCTS_DIR; };
/* End PBXFileReference section */

/* Begin PBXFrameworksBuildPhase section */
		A906942A1D9C86BB0032D987 /* Frameworks */ = {
			isa = PBXFrameworksBuildPhase;
			buildActionMask = 2147483647;
			files = (
				7950A7BBB0F5A8F1B1178D65 /* libPods-FeedMedia.a in Frameworks */,
			);
			runOnlyForDeploymentPostprocessing = 0;
		};
		A90694431D9C86BB0032D987 /* Frameworks */ = {
			isa = PBXFrameworksBuildPhase;
			buildActionMask = 2147483647;
			files = (
			);
			runOnlyForDeploymentPostprocessing = 0;
		};
		A906944E1D9C86BB0032D987 /* Frameworks */ = {
			isa = PBXFrameworksBuildPhase;
			buildActionMask = 2147483647;
			files = (
			);
			runOnlyForDeploymentPostprocessing = 0;
		};
/* End PBXFrameworksBuildPhase section */

/* Begin PBXGroup section */
		55BCEDA2A9728EE28D7E9487 /* Frameworks */ = {
			isa = PBXGroup;
			children = (
				AFB68EC70C194B25BB922FF3 /* libPods-FeedMedia.a */,
			);
			name = Frameworks;
			sourceTree = "<group>";
		};
		A90694241D9C86BA0032D987 = {
			isa = PBXGroup;
			children = (
				A906942F1D9C86BB0032D987 /* FeedMedia */,
				A90694491D9C86BB0032D987 /* FeedMediaTests */,
				A90694541D9C86BB0032D987 /* FeedMediaUITests */,
				A906942E1D9C86BB0032D987 /* Products */,
				BE2DAEFE03010BA9127F5A52 /* Pods */,
				55BCEDA2A9728EE28D7E9487 /* Frameworks */,
			);
			sourceTree = "<group>";
		};
		A906942E1D9C86BB0032D987 /* Products */ = {
			isa = PBXGroup;
			children = (
				A906942D1D9C86BB0032D987 /* FeedMedia.app */,
				A90694461D9C86BB0032D987 /* FeedMediaTests.xctest */,
				A90694511D9C86BB0032D987 /* FeedMediaUITests.xctest */,
			);
			name = Products;
			sourceTree = "<group>";
		};
		A906942F1D9C86BB0032D987 /* FeedMedia */ = {
			isa = PBXGroup;
			children = (
				A906946D1D9C8F480032D987 /* Player.storyboard */,
				A90694331D9C86BB0032D987 /* AppDelegate.h */,
				A90694631D9C8E990032D987 /* AppDelegate.m */,
				A90694671D9C8F130032D987 /* DisclaimerViewController.h */,
				A90694681D9C8F130032D987 /* DisclaimerViewController.m */,
				A90694691D9C8F130032D987 /* PlayerViewController.h */,
				A906946A1D9C8F130032D987 /* PlayerViewController.m */,
				A906943C1D9C86BB0032D987 /* Assets.xcassets */,
				A90694651D9C8F020032D987 /* Launch Screen.storyboard */,
				A90694411D9C86BB0032D987 /* Info.plist */,
				A90694301D9C86BB0032D987 /* Supporting Files */,
			);
			path = FeedMedia;
			sourceTree = "<group>";
		};
		A90694301D9C86BB0032D987 /* Supporting Files */ = {
			isa = PBXGroup;
			children = (
				A90694311D9C86BB0032D987 /* main.m */,
			);
			name = "Supporting Files";
			sourceTree = "<group>";
		};
		A90694491D9C86BB0032D987 /* FeedMediaTests */ = {
			isa = PBXGroup;
			children = (
				A906944A1D9C86BB0032D987 /* FeedMediaTests.m */,
				A906944C1D9C86BB0032D987 /* Info.plist */,
			);
			path = FeedMediaTests;
			sourceTree = "<group>";
		};
		A90694541D9C86BB0032D987 /* FeedMediaUITests */ = {
			isa = PBXGroup;
			children = (
				A90694551D9C86BB0032D987 /* FeedMediaUITests.m */,
				A90694571D9C86BB0032D987 /* Info.plist */,
			);
			path = FeedMediaUITests;
			sourceTree = "<group>";
		};
		BE2DAEFE03010BA9127F5A52 /* Pods */ = {
			isa = PBXGroup;
			children = (
				68033A86D7A121E0A3E9CFC6 /* Pods-FeedMedia.debug.xcconfig */,
				24F3B66533C1C985F5979EB4 /* Pods-FeedMedia.release.xcconfig */,
			);
			name = Pods;
			sourceTree = "<group>";
		};
/* End PBXGroup section */

/* Begin PBXNativeTarget section */
		A906942C1D9C86BB0032D987 /* FeedMedia */ = {
			isa = PBXNativeTarget;
			buildConfigurationList = A906945A1D9C86BB0032D987 /* Build configuration list for PBXNativeTarget "FeedMedia" */;
			buildPhases = (
				B8F65AE479018C580E63EC46 /* [CP] Check Pods Manifest.lock */,
				A90694291D9C86BB0032D987 /* Sources */,
				A906942A1D9C86BB0032D987 /* Frameworks */,
				A906942B1D9C86BB0032D987 /* Resources */,
				C03E1036EFF670E278400CBB /* [CP] Embed Pods Frameworks */,
				8B121B63CDD6AEDE08CF910D /* [CP] Copy Pods Resources */,
			);
			buildRules = (
			);
			dependencies = (
			);
			name = FeedMedia;
			productName = FeedMedia;
			productReference = A906942D1D9C86BB0032D987 /* FeedMedia.app */;
			productType = "com.apple.product-type.application";
		};
		A90694451D9C86BB0032D987 /* FeedMediaTests */ = {
			isa = PBXNativeTarget;
			buildConfigurationList = A906945D1D9C86BB0032D987 /* Build configuration list for PBXNativeTarget "FeedMediaTests" */;
			buildPhases = (
				A90694421D9C86BB0032D987 /* Sources */,
				A90694431D9C86BB0032D987 /* Frameworks */,
				A90694441D9C86BB0032D987 /* Resources */,
			);
			buildRules = (
			);
			dependencies = (
				A90694481D9C86BB0032D987 /* PBXTargetDependency */,
			);
			name = FeedMediaTests;
			productName = FeedMediaTests;
			productReference = A90694461D9C86BB0032D987 /* FeedMediaTests.xctest */;
			productType = "com.apple.product-type.bundle.unit-test";
		};
		A90694501D9C86BB0032D987 /* FeedMediaUITests */ = {
			isa = PBXNativeTarget;
			buildConfigurationList = A90694601D9C86BB0032D987 /* Build configuration list for PBXNativeTarget "FeedMediaUITests" */;
			buildPhases = (
				A906944D1D9C86BB0032D987 /* Sources */,
				A906944E1D9C86BB0032D987 /* Frameworks */,
				A906944F1D9C86BB0032D987 /* Resources */,
			);
			buildRules = (
			);
			dependencies = (
				A90694531D9C86BB0032D987 /* PBXTargetDependency */,
			);
			name = FeedMediaUITests;
			productName = FeedMediaUITests;
			productReference = A90694511D9C86BB0032D987 /* FeedMediaUITests.xctest */;
			productType = "com.apple.product-type.bundle.ui-testing";
		};
/* End PBXNativeTarget section */

/* Begin PBXProject section */
		A90694251D9C86BA0032D987 /* Project object */ = {
			isa = PBXProject;
			attributes = {
				LastUpgradeCheck = 0800;
				ORGANIZATIONNAME = "Feed Media";
				TargetAttributes = {
					A906942C1D9C86BB0032D987 = {
						CreatedOnToolsVersion = 8.0;
						ProvisioningStyle = Automatic;
					};
					A90694451D9C86BB0032D987 = {
						CreatedOnToolsVersion = 8.0;
						ProvisioningStyle = Automatic;
						TestTargetID = A906942C1D9C86BB0032D987;
					};
					A90694501D9C86BB0032D987 = {
						CreatedOnToolsVersion = 8.0;
						ProvisioningStyle = Automatic;
						TestTargetID = A906942C1D9C86BB0032D987;
					};
					A906947E1D9D9FEF0032D987 = {
						CreatedOnToolsVersion = 8.0;
						ProvisioningStyle = Automatic;
					};
					A90694841D9DA8910032D987 = {
						CreatedOnToolsVersion = 8.0;
						ProvisioningStyle = Automatic;
					};
					A90694891D9DA9410032D987 = {
						CreatedOnToolsVersion = 8.0;
						ProvisioningStyle = Automatic;
					};
				};
			};
			buildConfigurationList = A90694281D9C86BA0032D987 /* Build configuration list for PBXProject "FeedMedia" */;
			compatibilityVersion = "Xcode 3.2";
			developmentRegion = English;
			hasScannedForEncodings = 0;
			knownRegions = (
				en,
				Base,
			);
			mainGroup = A90694241D9C86BA0032D987;
			productRefGroup = A906942E1D9C86BB0032D987 /* Products */;
			projectDirPath = "";
			projectRoot = "";
			targets = (
				A906942C1D9C86BB0032D987 /* FeedMedia */,
				A90694451D9C86BB0032D987 /* FeedMediaTests */,
				A90694501D9C86BB0032D987 /* FeedMediaUITests */,
				A906947E1D9D9FEF0032D987 /* validate pod */,
				A90694891D9DA9410032D987 /* generate appledoc */,
				A90694841D9DA8910032D987 /* publish pod */,
			);
		};
/* End PBXProject section */

/* Begin PBXResourcesBuildPhase section */
		A906942B1D9C86BB0032D987 /* Resources */ = {
			isa = PBXResourcesBuildPhase;
			buildActionMask = 2147483647;
			files = (
				A90694661D9C8F020032D987 /* Launch Screen.storyboard in Resources */,
				A906943D1D9C86BB0032D987 /* Assets.xcassets in Resources */,
				A906946E1D9C8F480032D987 /* Player.storyboard in Resources */,
			);
			runOnlyForDeploymentPostprocessing = 0;
		};
		A90694441D9C86BB0032D987 /* Resources */ = {
			isa = PBXResourcesBuildPhase;
			buildActionMask = 2147483647;
			files = (
			);
			runOnlyForDeploymentPostprocessing = 0;
		};
		A906944F1D9C86BB0032D987 /* Resources */ = {
			isa = PBXResourcesBuildPhase;
			buildActionMask = 2147483647;
			files = (
			);
			runOnlyForDeploymentPostprocessing = 0;
		};
/* End PBXResourcesBuildPhase section */

/* Begin PBXShellScriptBuildPhase section */
		8B121B63CDD6AEDE08CF910D /* [CP] Copy Pods Resources */ = {
			isa = PBXShellScriptBuildPhase;
			buildActionMask = 2147483647;
			files = (
			);
			inputPaths = (
			);
			name = "[CP] Copy Pods Resources";
			outputPaths = (
			);
			runOnlyForDeploymentPostprocessing = 0;
			shellPath = /bin/sh;
			shellScript = "\"${SRCROOT}/Pods/Target Support Files/Pods-FeedMedia/Pods-FeedMedia-resources.sh\"\n";
			showEnvVarsInLog = 0;
		};
		A90694831D9DA27A0032D987 /* Lint pod */ = {
			isa = PBXShellScriptBuildPhase;
			buildActionMask = 2147483647;
			files = (
			);
			inputPaths = (
			);
			name = "Lint pod";
			outputPaths = (
			);
			runOnlyForDeploymentPostprocessing = 0;
			shellPath = /bin/sh;
			shellScript = "cd ${PROJECT_DIR}/..\n\nexport LANG=en_US.UTF-8\n\npod lib lint --allow-warnings   \n";
		};
		A90694881D9DA89C0032D987 /* tag pod */ = {
			isa = PBXShellScriptBuildPhase;
			buildActionMask = 2147483647;
			files = (
			);
			inputPaths = (
			);
			name = "tag pod";
			outputPaths = (
			);
			runOnlyForDeploymentPostprocessing = 0;
			shellPath = /bin/sh;
			shellScript = "# confirm everything is checked in\ncd \"${PROJECT_DIR}\"\n\nSTATUS=$(git status --porcelain 2> /dev/null)\nif [[ \"$STATUS\" != \"\" ]]; then\necho 'Code not checked in - unable to deploy!'\nexit 1\nfi\n\n# pick the release version out of the podspec\nVERSION=`cat ${PROJECT_DIR}/../FeedMedia.podspec | perl -n -e '/s.version\\s*=\\s*\"(.*)\"/ && print $1;'`\n\n# confirm the release version is in the CHANGELOG\n\nCHANGE=`grep \"v${VERSION}\" \"${PROJECT_DIR}/../CHANGELOG.md\"`\nif [[ $CHANGE = \"\" ]]; then\necho \"This release version (${VERSION}) has no entry in the CHANGELOG\"\nexit 1\nfi\n\n# create release tag\n\nTAG=$(git tag | grep \"v${VERSION}\")\n\nif [[ \"$TAG\" != \"\" ]]; then\necho \"Code already tagged - you must create a new version\"\nexit 1\nfi\n\ngit tag  -a -m \"Release of version ${VERSION}\" \"v${VERSION}\"\n\ngit push\ngit push --tags\n\n";
		};
		A906948D1D9DA94F0032D987 /* run appledoc command */ = {
			isa = PBXShellScriptBuildPhase;
			buildActionMask = 2147483647;
			files = (
			);
			inputPaths = (
			);
			name = "run appledoc command";
			outputPaths = (
			);
			runOnlyForDeploymentPostprocessing = 0;
			shellPath = /bin/sh;
			shellScript = "#/bin/bash\n\n# Documentation generation script. https://github.com/tomaz/appledoc\n\ntype appledoc >/dev/null 2>&1 || { echo >&2 \"I require appledoc but it's not installed. Please visit https://github.com/tomaz/appledoc follow installation instructions\"; exit 0; }\n\n\nPROJECT_TITLE=\"FeedMedia iOS SDK\"\nDOCS_DIR=\"${PROJECT_DIR}/../docs\"\ncompany=\"Feed Media\";\ncompanyID=\"com.fuzz\";\ncompanyURL=\"http://feed.fm\";\ntarget=\"iphoneos\";\n\nmkdir -p ${DOCS_DIR}\n\n/usr/local/bin/appledoc \\\n--project-name \"${PROJECT_TITLE}\" \\\n--project-company \"${company}\" \\\n--company-id \"${companyID}\" \\\n--docset-atom-filename \"${PROJECT_NAME}.atom\" \\\n--docset-bundle-filename \"${PROJECT_NAME}.docset\" \\\n--docset-feed-url \"${companyURL}/${company}/%DOCSETATOMFILENAME\" \\\n--output \"${DOCS_DIR}\" \\\n--no-install-docset \\\n--create-docset \\\n--keep-intermediate-files \\\n--docset-platform-family \"${target}\" \\\n--logformat xcode \\\n--no-repeat-first-par \\\n--explicit-crossref \\\n--search-undocumented-doc \\\n--ignore \"*.m\" \\\n--ignore \"FeedMedia.h\" \\\n--exit-threshold 2 \\\n--verbose 5 \\\n\"${PROJECT_DIR}/../Core\" \"${PROJECT_DIR}/../UI\"\n\nif [ $? -eq 0 ]; then\nrm -fr \"${DOCS_DIR}/${PROJECT_NAME}.iOS.SDK.docset\"\nmv -f \"${DOCS_DIR}/docset\" \"${DOCS_DIR}/${PROJECT_NAME}.iOS.SDK.docset\"\nelse\nexit 2;\nfi";
		};
		A906948E1D9DBDE60032D987 /* deploy documentation */ = {
			isa = PBXShellScriptBuildPhase;
			buildActionMask = 2147483647;
			files = (
			);
			inputPaths = (
			);
			name = "deploy documentation";
			outputPaths = (
			);
			runOnlyForDeploymentPostprocessing = 0;
			shellPath = /bin/sh;
			shellScript = "echo Copying documentation\n\n# pick the release version out of the podspec\nVERSION=`cat ${PROJECT_DIR}/../FeedMedia.podspec | perl -n -e '/s.version\\s*=\\s*\"(.*)\"/ && print $1;'`\n\nssh feed@static0 mkdir /home/feed/demo.feed.fm/sdk/docs/ios/${VERSION}\nscp -r ${PROJECT_DIR}/../docs/* feed@static0:/home/feed/demo.feed.fm/sdk/docs/ios/${VERSION}\nssh feed@static0 \"cd demo.feed.fm/sdk/docs/ios && rm -f latest && ln -s ${VERSION} latest\"\n";
		};
		A906948F1D9DBE060032D987 /* deploy pod */ = {
			isa = PBXShellScriptBuildPhase;
			buildActionMask = 2147483647;
			files = (
			);
			inputPaths = (
			);
			name = "deploy pod";
			outputPaths = (
			);
			runOnlyForDeploymentPostprocessing = 0;
			shellPath = /bin/sh;
			shellScript = "\ncd \"${PROJECT_DIR}/..\"\n\npod trunk push --no-ansi ${PROJECT_NAME}.podspec 2>/dev/null\n\n";
		};
		B8F65AE479018C580E63EC46 /* [CP] Check Pods Manifest.lock */ = {
			isa = PBXShellScriptBuildPhase;
			buildActionMask = 2147483647;
			files = (
			);
			inputPaths = (
			);
			name = "[CP] Check Pods Manifest.lock";
			outputPaths = (
			);
			runOnlyForDeploymentPostprocessing = 0;
			shellPath = /bin/sh;
			shellScript = "diff \"${PODS_ROOT}/../Podfile.lock\" \"${PODS_ROOT}/Manifest.lock\" > /dev/null\nif [ $? != 0 ] ; then\n    # print error to STDERR\n    echo \"error: The sandbox is not in sync with the Podfile.lock. Run 'pod install' or update your CocoaPods installation.\" >&2\n    exit 1\nfi\n";
			showEnvVarsInLog = 0;
		};
		C03E1036EFF670E278400CBB /* [CP] Embed Pods Frameworks */ = {
			isa = PBXShellScriptBuildPhase;
			buildActionMask = 2147483647;
			files = (
			);
			inputPaths = (
			);
			name = "[CP] Embed Pods Frameworks";
			outputPaths = (
			);
			runOnlyForDeploymentPostprocessing = 0;
			shellPath = /bin/sh;
			shellScript = "\"${SRCROOT}/Pods/Target Support Files/Pods-FeedMedia/Pods-FeedMedia-frameworks.sh\"\n";
			showEnvVarsInLog = 0;
		};
/* End PBXShellScriptBuildPhase section */

/* Begin PBXSourcesBuildPhase section */
		A90694291D9C86BB0032D987 /* Sources */ = {
			isa = PBXSourcesBuildPhase;
			buildActionMask = 2147483647;
			files = (
				A906946B1D9C8F130032D987 /* DisclaimerViewController.m in Sources */,
				A90694321D9C86BB0032D987 /* main.m in Sources */,
				A90694641D9C8E990032D987 /* AppDelegate.m in Sources */,
				A906946C1D9C8F130032D987 /* PlayerViewController.m in Sources */,
			);
			runOnlyForDeploymentPostprocessing = 0;
		};
		A90694421D9C86BB0032D987 /* Sources */ = {
			isa = PBXSourcesBuildPhase;
			buildActionMask = 2147483647;
			files = (
				A906944B1D9C86BB0032D987 /* FeedMediaTests.m in Sources */,
			);
			runOnlyForDeploymentPostprocessing = 0;
		};
		A906944D1D9C86BB0032D987 /* Sources */ = {
			isa = PBXSourcesBuildPhase;
			buildActionMask = 2147483647;
			files = (
				A90694561D9C86BB0032D987 /* FeedMediaUITests.m in Sources */,
			);
			runOnlyForDeploymentPostprocessing = 0;
		};
/* End PBXSourcesBuildPhase section */

/* Begin PBXTargetDependency section */
		A90694481D9C86BB0032D987 /* PBXTargetDependency */ = {
			isa = PBXTargetDependency;
			target = A906942C1D9C86BB0032D987 /* FeedMedia */;
			targetProxy = A90694471D9C86BB0032D987 /* PBXContainerItemProxy */;
		};
		A90694531D9C86BB0032D987 /* PBXTargetDependency */ = {
			isa = PBXTargetDependency;
			target = A906942C1D9C86BB0032D987 /* FeedMedia */;
			targetProxy = A90694521D9C86BB0032D987 /* PBXContainerItemProxy */;
		};
		A90694911D9DBE5F0032D987 /* PBXTargetDependency */ = {
			isa = PBXTargetDependency;
			target = A90694891D9DA9410032D987 /* generate appledoc */;
			targetProxy = A90694901D9DBE5F0032D987 /* PBXContainerItemProxy */;
		};
		A90694931D9DBE9B0032D987 /* PBXTargetDependency */ = {
			isa = PBXTargetDependency;
			target = A906947E1D9D9FEF0032D987 /* validate pod */;
			targetProxy = A90694921D9DBE9B0032D987 /* PBXContainerItemProxy */;
		};
/* End PBXTargetDependency section */

/* Begin XCBuildConfiguration section */
		A90694581D9C86BB0032D987 /* Debug */ = {
			isa = XCBuildConfiguration;
			buildSettings = {
				ALWAYS_SEARCH_USER_PATHS = NO;
				CLANG_ANALYZER_NONNULL = YES;
				CLANG_CXX_LANGUAGE_STANDARD = "gnu++0x";
				CLANG_CXX_LIBRARY = "libc++";
				CLANG_ENABLE_MODULES = YES;
				CLANG_ENABLE_OBJC_ARC = YES;
				CLANG_WARN_BOOL_CONVERSION = YES;
				CLANG_WARN_CONSTANT_CONVERSION = YES;
				CLANG_WARN_DIRECT_OBJC_ISA_USAGE = YES_ERROR;
				CLANG_WARN_DOCUMENTATION_COMMENTS = YES;
				CLANG_WARN_EMPTY_BODY = YES;
				CLANG_WARN_ENUM_CONVERSION = YES;
				CLANG_WARN_INFINITE_RECURSION = YES;
				CLANG_WARN_INT_CONVERSION = YES;
				CLANG_WARN_OBJC_ROOT_CLASS = YES_ERROR;
				CLANG_WARN_SUSPICIOUS_MOVE = YES;
				CLANG_WARN_SUSPICIOUS_MOVES = YES;
				CLANG_WARN_UNREACHABLE_CODE = YES;
				CLANG_WARN__DUPLICATE_METHOD_MATCH = YES;
				"CODE_SIGN_IDENTITY[sdk=iphoneos*]" = "iPhone Developer";
				COPY_PHASE_STRIP = NO;
				DEBUG_INFORMATION_FORMAT = dwarf;
				ENABLE_STRICT_OBJC_MSGSEND = YES;
				ENABLE_TESTABILITY = YES;
				GCC_C_LANGUAGE_STANDARD = gnu99;
				GCC_DYNAMIC_NO_PIC = NO;
				GCC_NO_COMMON_BLOCKS = YES;
				GCC_OPTIMIZATION_LEVEL = 0;
				GCC_PREPROCESSOR_DEFINITIONS = (
					"DEBUG=1",
					"$(inherited)",
				);
				GCC_WARN_64_TO_32_BIT_CONVERSION = YES;
				GCC_WARN_ABOUT_RETURN_TYPE = YES_ERROR;
				GCC_WARN_UNDECLARED_SELECTOR = YES;
				GCC_WARN_UNINITIALIZED_AUTOS = YES_AGGRESSIVE;
				GCC_WARN_UNUSED_FUNCTION = YES;
				GCC_WARN_UNUSED_VARIABLE = YES;
				IPHONEOS_DEPLOYMENT_TARGET = 10.0;
				MTL_ENABLE_DEBUG_INFO = YES;
				ONLY_ACTIVE_ARCH = YES;
				SDKROOT = iphoneos;
				TARGETED_DEVICE_FAMILY = "1,2";
			};
			name = Debug;
		};
		A90694591D9C86BB0032D987 /* Release */ = {
			isa = XCBuildConfiguration;
			buildSettings = {
				ALWAYS_SEARCH_USER_PATHS = NO;
				CLANG_ANALYZER_NONNULL = YES;
				CLANG_CXX_LANGUAGE_STANDARD = "gnu++0x";
				CLANG_CXX_LIBRARY = "libc++";
				CLANG_ENABLE_MODULES = YES;
				CLANG_ENABLE_OBJC_ARC = YES;
				CLANG_WARN_BOOL_CONVERSION = YES;
				CLANG_WARN_CONSTANT_CONVERSION = YES;
				CLANG_WARN_DIRECT_OBJC_ISA_USAGE = YES_ERROR;
				CLANG_WARN_DOCUMENTATION_COMMENTS = YES;
				CLANG_WARN_EMPTY_BODY = YES;
				CLANG_WARN_ENUM_CONVERSION = YES;
				CLANG_WARN_INFINITE_RECURSION = YES;
				CLANG_WARN_INT_CONVERSION = YES;
				CLANG_WARN_OBJC_ROOT_CLASS = YES_ERROR;
				CLANG_WARN_SUSPICIOUS_MOVE = YES;
				CLANG_WARN_SUSPICIOUS_MOVES = YES;
				CLANG_WARN_UNREACHABLE_CODE = YES;
				CLANG_WARN__DUPLICATE_METHOD_MATCH = YES;
				"CODE_SIGN_IDENTITY[sdk=iphoneos*]" = "iPhone Developer";
				COPY_PHASE_STRIP = NO;
				DEBUG_INFORMATION_FORMAT = "dwarf-with-dsym";
				ENABLE_NS_ASSERTIONS = NO;
				ENABLE_STRICT_OBJC_MSGSEND = YES;
				GCC_C_LANGUAGE_STANDARD = gnu99;
				GCC_NO_COMMON_BLOCKS = YES;
				GCC_WARN_64_TO_32_BIT_CONVERSION = YES;
				GCC_WARN_ABOUT_RETURN_TYPE = YES_ERROR;
				GCC_WARN_UNDECLARED_SELECTOR = YES;
				GCC_WARN_UNINITIALIZED_AUTOS = YES_AGGRESSIVE;
				GCC_WARN_UNUSED_FUNCTION = YES;
				GCC_WARN_UNUSED_VARIABLE = YES;
				IPHONEOS_DEPLOYMENT_TARGET = 10.0;
				MTL_ENABLE_DEBUG_INFO = NO;
				SDKROOT = iphoneos;
				TARGETED_DEVICE_FAMILY = "1,2";
				VALIDATE_PRODUCT = YES;
			};
			name = Release;
		};
		A906945B1D9C86BB0032D987 /* Debug */ = {
			isa = XCBuildConfiguration;
			baseConfigurationReference = 68033A86D7A121E0A3E9CFC6 /* Pods-FeedMedia.debug.xcconfig */;
			buildSettings = {
				ASSETCATALOG_COMPILER_APPICON_NAME = AppIcon;
				INFOPLIST_FILE = FeedMedia/Info.plist;
				LD_RUNPATH_SEARCH_PATHS = "$(inherited) @executable_path/Frameworks";
				PRODUCT_BUNDLE_IDENTIFIER = fm.feed.FeedMedia;
				PRODUCT_NAME = "$(TARGET_NAME)";
			};
			name = Debug;
		};
		A906945C1D9C86BB0032D987 /* Release */ = {
			isa = XCBuildConfiguration;
			baseConfigurationReference = 24F3B66533C1C985F5979EB4 /* Pods-FeedMedia.release.xcconfig */;
			buildSettings = {
				ASSETCATALOG_COMPILER_APPICON_NAME = AppIcon;
				INFOPLIST_FILE = FeedMedia/Info.plist;
				LD_RUNPATH_SEARCH_PATHS = "$(inherited) @executable_path/Frameworks";
				PRODUCT_BUNDLE_IDENTIFIER = fm.feed.FeedMedia;
				PRODUCT_NAME = "$(TARGET_NAME)";
			};
			name = Release;
		};
		A906945E1D9C86BB0032D987 /* Debug */ = {
			isa = XCBuildConfiguration;
			buildSettings = {
				BUNDLE_LOADER = "$(TEST_HOST)";
				INFOPLIST_FILE = FeedMediaTests/Info.plist;
				LD_RUNPATH_SEARCH_PATHS = "$(inherited) @executable_path/Frameworks @loader_path/Frameworks";
				PRODUCT_BUNDLE_IDENTIFIER = fm.feed.FeedMediaTests;
				PRODUCT_NAME = "$(TARGET_NAME)";
				TEST_HOST = "$(BUILT_PRODUCTS_DIR)/FeedMedia.app/FeedMedia";
			};
			name = Debug;
		};
		A906945F1D9C86BB0032D987 /* Release */ = {
			isa = XCBuildConfiguration;
			buildSettings = {
				BUNDLE_LOADER = "$(TEST_HOST)";
				INFOPLIST_FILE = FeedMediaTests/Info.plist;
				LD_RUNPATH_SEARCH_PATHS = "$(inherited) @executable_path/Frameworks @loader_path/Frameworks";
				PRODUCT_BUNDLE_IDENTIFIER = fm.feed.FeedMediaTests;
				PRODUCT_NAME = "$(TARGET_NAME)";
				TEST_HOST = "$(BUILT_PRODUCTS_DIR)/FeedMedia.app/FeedMedia";
			};
			name = Release;
		};
		A90694611D9C86BB0032D987 /* Debug */ = {
			isa = XCBuildConfiguration;
			buildSettings = {
				INFOPLIST_FILE = FeedMediaUITests/Info.plist;
				LD_RUNPATH_SEARCH_PATHS = "$(inherited) @executable_path/Frameworks @loader_path/Frameworks";
				PRODUCT_BUNDLE_IDENTIFIER = fm.feed.FeedMediaUITests;
				PRODUCT_NAME = "$(TARGET_NAME)";
				TEST_TARGET_NAME = FeedMedia;
			};
			name = Debug;
		};
		A90694621D9C86BB0032D987 /* Release */ = {
			isa = XCBuildConfiguration;
			buildSettings = {
				INFOPLIST_FILE = FeedMediaUITests/Info.plist;
				LD_RUNPATH_SEARCH_PATHS = "$(inherited) @executable_path/Frameworks @loader_path/Frameworks";
				PRODUCT_BUNDLE_IDENTIFIER = fm.feed.FeedMediaUITests;
				PRODUCT_NAME = "$(TARGET_NAME)";
				TEST_TARGET_NAME = FeedMedia;
			};
			name = Release;
		};
		A906947F1D9D9FEF0032D987 /* Debug */ = {
			isa = XCBuildConfiguration;
			buildSettings = {
				PRODUCT_NAME = "$(TARGET_NAME)";
			};
			name = Debug;
		};
		A90694801D9D9FEF0032D987 /* Release */ = {
			isa = XCBuildConfiguration;
			buildSettings = {
				PRODUCT_NAME = "$(TARGET_NAME)";
			};
			name = Release;
		};
		A90694861D9DA8910032D987 /* Debug */ = {
			isa = XCBuildConfiguration;
			buildSettings = {
				PRODUCT_NAME = "$(TARGET_NAME)";
			};
			name = Debug;
		};
		A90694871D9DA8910032D987 /* Release */ = {
			isa = XCBuildConfiguration;
			buildSettings = {
				PRODUCT_NAME = "$(TARGET_NAME)";
			};
			name = Release;
		};
		A906948B1D9DA9410032D987 /* Debug */ = {
			isa = XCBuildConfiguration;
			buildSettings = {
				PRODUCT_NAME = "$(TARGET_NAME)";
			};
			name = Debug;
		};
		A906948C1D9DA9410032D987 /* Release */ = {
			isa = XCBuildConfiguration;
			buildSettings = {
				PRODUCT_NAME = "$(TARGET_NAME)";
			};
			name = Release;
		};
/* End XCBuildConfiguration section */

/* Begin XCConfigurationList section */
		A90694281D9C86BA0032D987 /* Build configuration list for PBXProject "FeedMedia" */ = {
			isa = XCConfigurationList;
			buildConfigurations = (
				A90694581D9C86BB0032D987 /* Debug */,
				A90694591D9C86BB0032D987 /* Release */,
			);
			defaultConfigurationIsVisible = 0;
			defaultConfigurationName = Release;
		};
		A906945A1D9C86BB0032D987 /* Build configuration list for PBXNativeTarget "FeedMedia" */ = {
			isa = XCConfigurationList;
			buildConfigurations = (
				A906945B1D9C86BB0032D987 /* Debug */,
				A906945C1D9C86BB0032D987 /* Release */,
			);
			defaultConfigurationIsVisible = 0;
			defaultConfigurationName = Release;
		};
		A906945D1D9C86BB0032D987 /* Build configuration list for PBXNativeTarget "FeedMediaTests" */ = {
			isa = XCConfigurationList;
			buildConfigurations = (
				A906945E1D9C86BB0032D987 /* Debug */,
				A906945F1D9C86BB0032D987 /* Release */,
			);
			defaultConfigurationIsVisible = 0;
			defaultConfigurationName = Release;
		};
		A90694601D9C86BB0032D987 /* Build configuration list for PBXNativeTarget "FeedMediaUITests" */ = {
			isa = XCConfigurationList;
			buildConfigurations = (
				A90694611D9C86BB0032D987 /* Debug */,
				A90694621D9C86BB0032D987 /* Release */,
			);
			defaultConfigurationIsVisible = 0;
			defaultConfigurationName = Release;
		};
		A90694811D9D9FEF0032D987 /* Build configuration list for PBXAggregateTarget "validate pod" */ = {
			isa = XCConfigurationList;
			buildConfigurations = (
				A906947F1D9D9FEF0032D987 /* Debug */,
				A90694801D9D9FEF0032D987 /* Release */,
			);
			defaultConfigurationIsVisible = 0;
			defaultConfigurationName = Release;
		};
		A90694851D9DA8910032D987 /* Build configuration list for PBXAggregateTarget "publish pod" */ = {
			isa = XCConfigurationList;
			buildConfigurations = (
				A90694861D9DA8910032D987 /* Debug */,
				A90694871D9DA8910032D987 /* Release */,
			);
			defaultConfigurationIsVisible = 0;
			defaultConfigurationName = Release;
		};
		A906948A1D9DA9410032D987 /* Build configuration list for PBXAggregateTarget "generate appledoc" */ = {
			isa = XCConfigurationList;
			buildConfigurations = (
				A906948B1D9DA9410032D987 /* Debug */,
				A906948C1D9DA9410032D987 /* Release */,
			);
			defaultConfigurationIsVisible = 0;
			defaultConfigurationName = Release;
		};
/* End XCConfigurationList section */
	};
	rootObject = A90694251D9C86BA0032D987 /* Project object */;
}
